Microsoft Visual Studio Solution File, Format Version 12.00
# Visual Studio Version 16
VisualStudioVersion = 16.0.29905.134
MinimumVisualStudioVersion = 10.0.40219.1
Project("{2150E333-8FDC-42A3-9474-1A3956D46DE8}") = "dedicated", "dedicated", "{3FC858CB-4888-42FF-ABC5-82DAECB59C2C}"
EndProject
Project("{2150E333-8FDC-42A3-9474-1A3956D46DE8}") = "3rd party", "3rd party", "{2BFC806B-CE92-4EA4-8FE8-5F2EA54BA348}"
EndProject
Project("{2150E333-8FDC-42A3-9474-1A3956D46DE8}") = "plugins", "plugins", "{A074ECE0-24F4-497F-99BD-AD45D5C51382}"
EndProject
Project("{2150E333-8FDC-42A3-9474-1A3956D46DE8}") = "editor", "editor", "{2DDE8FE4-6490-4AC5-B020-7E6A203F6318}"
EndProject
Project("{8BC9CEB8-8B4A-11D0-8D11-00A0C91BC942}") = "ode", "3rd party\ode\contrib\msvc7\ode_default\default.vcxproj", "{1BF75FEB-87DD-486C-880B-227987D191C2}"
EndProject
Project("{8BC9CEB8-8B4A-11D0-8D11-00A0C91BC942}") = "OpenAL32", "3rd party\openal\OpenAL-Windows\Router\Router.vcxproj", "{566551F4-4EF1-4CB4-A131-F982E7606907}"
EndProject
Project("{8BC9CEB8-8B4A-11D0-8D11-00A0C91BC942}") = "xrCDB", "xrCDB\xrCDB.vcxproj", "{A19B1DF2-82EC-4364-8BDF-85D13A1C89B5}"
EndProject
Project("{8BC9CEB8-8B4A-11D0-8D11-00A0C91BC942}") = "xrCore", "xrCore\xrCore.vcxproj", "{A0F7D1FB-59A7-4717-A7E4-96F37E91998E}"
	ProjectSection(ProjectDependencies) = postProject
		{772FE450-F4F3-4687-A2A7-5624825089D7} = {772FE450-F4F3-4687-A2A7-5624825089D7}
	EndProjectSection
EndProject
Project("{8BC9CEB8-8B4A-11D0-8D11-00A0C91BC942}") = "xrGame", "xrGame\xrGame.vcxproj", "{200652A6-043E-4634-8837-87983B3BD5E0}"
	ProjectSection(ProjectDependencies) = postProject
		{938C5808-85A1-4B5A-8CB4-D2D9D7851CB8} = {938C5808-85A1-4B5A-8CB4-D2D9D7851CB8}
		{880CD250-BA77-4DAF-A8D4-552F12DD3AE4} = {880CD250-BA77-4DAF-A8D4-552F12DD3AE4}
	EndProjectSection
EndProject
Project("{8BC9CEB8-8B4A-11D0-8D11-00A0C91BC942}") = "xrGameSpy", "xrGameSpy\xrGameSpy.vcxproj", "{5535F6B4-7AE6-4B66-8AEA-CC31C14D7AB7}"
EndProject
Project("{8BC9CEB8-8B4A-11D0-8D11-00A0C91BC942}") = "xrNetServer", "xrNetServer\xrNetServer.vcxproj", "{435BAC9A-B225-457D-AB40-C9BD0CC8838C}"
	ProjectSection(ProjectDependencies) = postProject
		{772FE450-F4F3-4687-A2A7-5624825089D7} = {772FE450-F4F3-4687-A2A7-5624825089D7}
	EndProjectSection
EndProject
Project("{8BC9CEB8-8B4A-11D0-8D11-00A0C91BC942}") = "xrParticles", "xrParticles\xrParticles.vcxproj", "{94A1C366-3D19-48E6-8170-4ADC2E70DF97}"
EndProject
Project("{8BC9CEB8-8B4A-11D0-8D11-00A0C91BC942}") = "xrRender_R2", "Layers\xrRenderPC_R2\xrRender_R2.vcxproj", "{963BA4E5-499A-454D-B002-1D5ECE0527A6}"
EndProject
Project("{8BC9CEB8-8B4A-11D0-8D11-00A0C91BC942}") = "xrSound", "xrSound\xrSound.vcxproj", "{CCCA7859-EB86-493E-9B53-C4235F45B3C5}"
	ProjectSection(ProjectDependencies) = postProject
		{3A214E06-B95E-4D61-A291-1F8DF2EC10FD} = {3A214E06-B95E-4D61-A291-1F8DF2EC10FD}
		{CEBDE98B-A6AA-46E6-BC79-FAAF823DB9EC} = {CEBDE98B-A6AA-46E6-BC79-FAAF823DB9EC}
		{893887A1-3ABF-40A0-B931-CD0867010785} = {893887A1-3ABF-40A0-B931-CD0867010785}
		{566551F4-4EF1-4CB4-A131-F982E7606907} = {566551F4-4EF1-4CB4-A131-F982E7606907}
	EndProjectSection
EndProject
Project("{8BC9CEB8-8B4A-11D0-8D11-00A0C91BC942}") = "xrXMLParser", "xrXMLParser\xrXMLParser.vcxproj", "{94A1C366-3D19-48E6-8170-4ADC2E70DF98}"
EndProject
Project("{8BC9CEB8-8B4A-11D0-8D11-00A0C91BC942}") = "xrAPI", "Layers\xrAPI\xrAPI.vcxproj", "{1DAEC516-E52C-4A3C-A4DA-AE3553E6E0F8}"
EndProject
Project("{8BC9CEB8-8B4A-11D0-8D11-00A0C91BC942}") = "editor", "editor\editor.vcxproj", "{492D3DFE-9068-4E7E-A008-7C2420A651C0}"
EndProject
Project("{8BC9CEB8-8B4A-11D0-8D11-00A0C91BC942}") = "editor_controls", "editor_controls\editor_controls.vcxproj", "{B45374AA-C7ED-42CF-BBD3-DEAA2B7ACB48}"
EndProject
Project("{8BC9CEB8-8B4A-11D0-8D11-00A0C91BC942}") = "xrEngine", "xrEngine\xrEngine.vcxproj", "{2578C6D8-660D-48AE-9322-7422F8664F06}"
	ProjectSection(ProjectDependencies) = postProject
		{3A214E06-B95E-4D61-A291-1F8DF2EC10FD} = {3A214E06-B95E-4D61-A291-1F8DF2EC10FD}
		{61D4856F-FA82-4F02-BB88-909DDFB1FE74} = {61D4856F-FA82-4F02-BB88-909DDFB1FE74}
		{0BDF3377-F84E-4B42-A605-B45AAA244CB6} = {0BDF3377-F84E-4B42-A605-B45AAA244CB6}
		{CEBDE98B-A6AA-46E6-BC79-FAAF823DB9EC} = {CEBDE98B-A6AA-46E6-BC79-FAAF823DB9EC}
		{893887A1-3ABF-40A0-B931-CD0867010785} = {893887A1-3ABF-40A0-B931-CD0867010785}
		{632AEEB6-DC06-4E15-9551-B2B09A4B73C5} = {632AEEB6-DC06-4E15-9551-B2B09A4B73C5}
	EndProjectSection
EndProject
Project("{8BC9CEB8-8B4A-11D0-8D11-00A0C91BC942}") = "xrPhysics", "xrPhysics\xrPhysics.vcxproj", "{98D24A3D-7666-4C11-9D6E-B10393CE8CBA}"
EndProject
Project("{8BC9CEB8-8B4A-11D0-8D11-00A0C91BC942}") = "crypto", "3rd party\crypto\crypto.vcxproj", "{FA169092-EA3E-40C1-8E5A-A2B575700FE8}"
EndProject
Project("{8BC9CEB8-8B4A-11D0-8D11-00A0C91BC942}") = "CxImage", "3rd party\cximage\cximage.vcxproj", "{880CD250-BA77-4DAF-A8D4-552F12DD3AE4}"
EndProject
Project("{8BC9CEB8-8B4A-11D0-8D11-00A0C91BC942}") = "LuaJIT-2", "3rd party\luajit-2\src\luajit.vcxproj", "{632AEEB6-DC06-4E15-9551-B2B09A4B73C5}"
EndProject
Project("{8BC9CEB8-8B4A-11D0-8D11-00A0C91BC942}") = "luabind", "3rd party\luabind\luabind.vcxproj", "{CC52E0B3-CC35-4934-9302-035B748F3F2C}"
	ProjectSection(ProjectDependencies) = postProject
		{632AEEB6-DC06-4E15-9551-B2B09A4B73C5} = {632AEEB6-DC06-4E15-9551-B2B09A4B73C5}
	EndProjectSection
EndProject
Project("{8BC9CEB8-8B4A-11D0-8D11-00A0C91BC942}") = "lua_extensions", "3rd party\lua-extensions\lua_extensions.vcxproj", "{44F716E7-05BD-4390-AB02-5F7DAF7FEFDE}"
	ProjectSection(ProjectDependencies) = postProject
		{632AEEB6-DC06-4E15-9551-B2B09A4B73C5} = {632AEEB6-DC06-4E15-9551-B2B09A4B73C5}
	EndProjectSection
EndProject
Project("{8BC9CEB8-8B4A-11D0-8D11-00A0C91BC942}") = "libvorbis_static", "..\sdk\include\vorbis\vs2013\libvorbis_static.vcxproj", "{3A214E06-B95E-4D61-A291-1F8DF2EC10FD}"
EndProject
Project("{8BC9CEB8-8B4A-11D0-8D11-00A0C91BC942}") = "libvorbisfile_static", "..\sdk\include\vorbis\vs2013\libvorbisfile_static.vcxproj", "{CEBDE98B-A6AA-46E6-BC79-FAAF823DB9EC}"
EndProject
Project("{8BC9CEB8-8B4A-11D0-8D11-00A0C91BC942}") = "libogg_static", "..\sdk\include\ogg\vs2013\libogg_static.vcxproj", "{893887A1-3ABF-40A0-B931-CD0867010785}"
EndProject
Project("{8BC9CEB8-8B4A-11D0-8D11-00A0C91BC942}") = "libtheora_static", "..\sdk\include\theora\vs2013\libtheora_static.vcxproj", "{0BDF3377-F84E-4B42-A605-B45AAA244CB6}"
EndProject
Project("{8BC9CEB8-8B4A-11D0-8D11-00A0C91BC942}") = "oalib", "..\sdk\include\OpenAutomate\vs2013\oalib.vcxproj", "{61D4856F-FA82-4F02-BB88-909DDFB1FE74}"
EndProject
Project("{8BC9CEB8-8B4A-11D0-8D11-00A0C91BC942}") = "libjpeg", "..\sdk\include\jpeg\vs2013\libjpeg.vcxproj", "{938C5808-85A1-4B5A-8CB4-D2D9D7851CB8}"
EndProject
Project("{8BC9CEB8-8B4A-11D0-8D11-00A0C91BC942}") = "DXERR", "3rd party\DXERR\DXERR.vcxproj", "{772FE450-F4F3-4687-A2A7-5624825089D7}"
EndProject
Global
	GlobalSection(SolutionConfigurationPlatforms) = preSolution
		Debug_Dedicated|Any CPU = Debug_Dedicated|Any CPU
		Debug_Dedicated|Win32 = Debug_Dedicated|Win32
		Debug_NEW|Any CPU = Debug_NEW|Any CPU
		Debug_NEW|Win32 = Debug_NEW|Win32
		Debug|Any CPU = Debug|Any CPU
		Debug|Win32 = Debug|Win32
		Mixed_Dedicated|Any CPU = Mixed_Dedicated|Any CPU
		Mixed_Dedicated|Win32 = Mixed_Dedicated|Win32
		Mixed|Any CPU = Mixed|Any CPU
		Mixed|Win32 = Mixed|Win32
		Release_Dedicated|Any CPU = Release_Dedicated|Any CPU
		Release_Dedicated|Win32 = Release_Dedicated|Win32
		Release|x64 = Release|x64
		Release|Any CPU = Release|Any CPU
		Release|Win32 = Release|Win32
	EndGlobalSection
	GlobalSection(ProjectConfigurationPlatforms) = postSolution
		{1BF75FEB-87DD-486C-880B-227987D191C2}.Debug_Dedicated|Any CPU.ActiveCfg = Debug|Win32
		{1BF75FEB-87DD-486C-880B-227987D191C2}.Debug_Dedicated|Win32.ActiveCfg = Debug|Win32
		{1BF75FEB-87DD-486C-880B-227987D191C2}.Debug_NEW|Any CPU.ActiveCfg = Debug_NEW|Win32
		{1BF75FEB-87DD-486C-880B-227987D191C2}.Debug_NEW|Win32.ActiveCfg = Debug_NEW|Win32
		{1BF75FEB-87DD-486C-880B-227987D191C2}.Debug_NEW|Win32.Build.0 = Debug_NEW|Win32
		{1BF75FEB-87DD-486C-880B-227987D191C2}.Debug|Any CPU.ActiveCfg = Debug|Win32
		{1BF75FEB-87DD-486C-880B-227987D191C2}.Debug|Win32.ActiveCfg = Debug|Win32
		{1BF75FEB-87DD-486C-880B-227987D191C2}.Debug|Win32.Build.0 = Debug|Win32
		{1BF75FEB-87DD-486C-880B-227987D191C2}.Mixed_Dedicated|Any CPU.ActiveCfg = Mixed|Win32
		{1BF75FEB-87DD-486C-880B-227987D191C2}.Mixed_Dedicated|Win32.ActiveCfg = Mixed|Win32
		{1BF75FEB-87DD-486C-880B-227987D191C2}.Mixed|Any CPU.ActiveCfg = Mixed|Win32
		{1BF75FEB-87DD-486C-880B-227987D191C2}.Mixed|Win32.ActiveCfg = Mixed|Win32
		{1BF75FEB-87DD-486C-880B-227987D191C2}.Mixed|Win32.Build.0 = Mixed|Win32
		{1BF75FEB-87DD-486C-880B-227987D191C2}.Release|x64.ActiveCfg = Release|x64
		{1BF75FEB-87DD-486C-880B-227987D191C2}.Release|x64.Build.0 = Release|x64
		{1BF75FEB-87DD-486C-880B-227987D191C2}.Release|Any CPU.ActiveCfg = Release|Win32
		{1BF75FEB-87DD-486C-880B-227987D191C2}.Release|Win32.ActiveCfg = Release|Win32
		{1BF75FEB-87DD-486C-880B-227987D191C2}.Release|Win32.Build.0 = Release|Win32
		{566551F4-4EF1-4CB4-A131-F982E7606907}.Debug_Dedicated|Any CPU.ActiveCfg = Debug|Win32
		{566551F4-4EF1-4CB4-A131-F982E7606907}.Debug_Dedicated|Win32.ActiveCfg = Debug|Win32
		{566551F4-4EF1-4CB4-A131-F982E7606907}.Debug_NEW|Any CPU.ActiveCfg = Debug_NEW|Win32
		{566551F4-4EF1-4CB4-A131-F982E7606907}.Debug_NEW|Win32.ActiveCfg = Debug_NEW|Win32
		{566551F4-4EF1-4CB4-A131-F982E7606907}.Debug_NEW|Win32.Build.0 = Debug_NEW|Win32
		{566551F4-4EF1-4CB4-A131-F982E7606907}.Debug|Any CPU.ActiveCfg = Debug|Win32
		{566551F4-4EF1-4CB4-A131-F982E7606907}.Debug|Win32.ActiveCfg = Debug|Win32
		{566551F4-4EF1-4CB4-A131-F982E7606907}.Debug|Win32.Build.0 = Debug|Win32
		{566551F4-4EF1-4CB4-A131-F982E7606907}.Mixed_Dedicated|Any CPU.ActiveCfg = Release_LuaJit_one|Win32
		{566551F4-4EF1-4CB4-A131-F982E7606907}.Mixed_Dedicated|Win32.ActiveCfg = Release|Win32
		{566551F4-4EF1-4CB4-A131-F982E7606907}.Mixed|Any CPU.ActiveCfg = Release_LuaJit_one|Win32
		{566551F4-4EF1-4CB4-A131-F982E7606907}.Mixed|Win32.ActiveCfg = Release|Win32
		{566551F4-4EF1-4CB4-A131-F982E7606907}.Mixed|Win32.Build.0 = Release|Win32
		{566551F4-4EF1-4CB4-A131-F982E7606907}.Release|x64.ActiveCfg = Release|x64
		{566551F4-4EF1-4CB4-A131-F982E7606907}.Release|x64.Build.0 = Release|x64
		{566551F4-4EF1-4CB4-A131-F982E7606907}.Release|Any CPU.ActiveCfg = Release|Win32
		{566551F4-4EF1-4CB4-A131-F982E7606907}.Release|Win32.ActiveCfg = Release|Win32
		{566551F4-4EF1-4CB4-A131-F982E7606907}.Release|Win32.Build.0 = Release|Win32
		{A19B1DF2-82EC-4364-8BDF-85D13A1C89B5}.Debug_Dedicated|Any CPU.ActiveCfg = Debug|Win32
		{A19B1DF2-82EC-4364-8BDF-85D13A1C89B5}.Debug_Dedicated|Win32.ActiveCfg = Debug|Win32
		{A19B1DF2-82EC-4364-8BDF-85D13A1C89B5}.Debug_NEW|Any CPU.ActiveCfg = Debug_NEW|Win32
		{A19B1DF2-82EC-4364-8BDF-85D13A1C89B5}.Debug_NEW|Win32.ActiveCfg = Debug_NEW|Win32
		{A19B1DF2-82EC-4364-8BDF-85D13A1C89B5}.Debug_NEW|Win32.Build.0 = Debug_NEW|Win32
		{A19B1DF2-82EC-4364-8BDF-85D13A1C89B5}.Debug|Any CPU.ActiveCfg = Debug|Win32
		{A19B1DF2-82EC-4364-8BDF-85D13A1C89B5}.Debug|Win32.ActiveCfg = Debug|Win32
		{A19B1DF2-82EC-4364-8BDF-85D13A1C89B5}.Debug|Win32.Build.0 = Debug|Win32
		{A19B1DF2-82EC-4364-8BDF-85D13A1C89B5}.Mixed_Dedicated|Any CPU.ActiveCfg = Mixed|Win32
		{A19B1DF2-82EC-4364-8BDF-85D13A1C89B5}.Mixed_Dedicated|Win32.ActiveCfg = Mixed|Win32
		{A19B1DF2-82EC-4364-8BDF-85D13A1C89B5}.Mixed|Any CPU.ActiveCfg = Mixed|Win32
		{A19B1DF2-82EC-4364-8BDF-85D13A1C89B5}.Mixed|Win32.ActiveCfg = Mixed|Win32
		{A19B1DF2-82EC-4364-8BDF-85D13A1C89B5}.Mixed|Win32.Build.0 = Mixed|Win32
		{A19B1DF2-82EC-4364-8BDF-85D13A1C89B5}.Release|x64.ActiveCfg = Release|x64
		{A19B1DF2-82EC-4364-8BDF-85D13A1C89B5}.Release|x64.Build.0 = Release|x64
		{A19B1DF2-82EC-4364-8BDF-85D13A1C89B5}.Release|Any CPU.ActiveCfg = Release|Win32
		{A19B1DF2-82EC-4364-8BDF-85D13A1C89B5}.Release|Win32.ActiveCfg = Release|Win32
		{A19B1DF2-82EC-4364-8BDF-85D13A1C89B5}.Release|Win32.Build.0 = Release|Win32
		{A0F7D1FB-59A7-4717-A7E4-96F37E91998E}.Debug_Dedicated|Any CPU.ActiveCfg = Debug|Win32
		{A0F7D1FB-59A7-4717-A7E4-96F37E91998E}.Debug_Dedicated|Win32.ActiveCfg = Debug|Win32
		{A0F7D1FB-59A7-4717-A7E4-96F37E91998E}.Debug_NEW|Any CPU.ActiveCfg = Debug_NEW|Win32
		{A0F7D1FB-59A7-4717-A7E4-96F37E91998E}.Debug_NEW|Win32.ActiveCfg = Debug_NEW|Win32
		{A0F7D1FB-59A7-4717-A7E4-96F37E91998E}.Debug_NEW|Win32.Build.0 = Debug_NEW|Win32
		{A0F7D1FB-59A7-4717-A7E4-96F37E91998E}.Debug|Any CPU.ActiveCfg = Debug|Win32
		{A0F7D1FB-59A7-4717-A7E4-96F37E91998E}.Debug|Win32.ActiveCfg = Debug|Win32
		{A0F7D1FB-59A7-4717-A7E4-96F37E91998E}.Debug|Win32.Build.0 = Debug|Win32
		{A0F7D1FB-59A7-4717-A7E4-96F37E91998E}.Mixed_Dedicated|Any CPU.ActiveCfg = Mixed|Win32
		{A0F7D1FB-59A7-4717-A7E4-96F37E91998E}.Mixed_Dedicated|Win32.ActiveCfg = Mixed|Win32
		{A0F7D1FB-59A7-4717-A7E4-96F37E91998E}.Mixed|Any CPU.ActiveCfg = Mixed|Win32
		{A0F7D1FB-59A7-4717-A7E4-96F37E91998E}.Mixed|Win32.ActiveCfg = Mixed|Win32
		{A0F7D1FB-59A7-4717-A7E4-96F37E91998E}.Mixed|Win32.Build.0 = Mixed|Win32
		{A0F7D1FB-59A7-4717-A7E4-96F37E91998E}.Release|x64.ActiveCfg = Release|x64
		{A0F7D1FB-59A7-4717-A7E4-96F37E91998E}.Release|x64.Build.0 = Release|x64
		{A0F7D1FB-59A7-4717-A7E4-96F37E91998E}.Release|Any CPU.ActiveCfg = Release|Win32
		{A0F7D1FB-59A7-4717-A7E4-96F37E91998E}.Release|Win32.ActiveCfg = Release|Win32
		{A0F7D1FB-59A7-4717-A7E4-96F37E91998E}.Release|Win32.Build.0 = Release|Win32
		{200652A6-043E-4634-8837-87983B3BD5E0}.Debug_Dedicated|Any CPU.ActiveCfg = Debug|Win32
		{200652A6-043E-4634-8837-87983B3BD5E0}.Debug_Dedicated|Win32.ActiveCfg = Debug|Win32
		{200652A6-043E-4634-8837-87983B3BD5E0}.Debug_NEW|Any CPU.ActiveCfg = Debug_NEW|Win32
		{200652A6-043E-4634-8837-87983B3BD5E0}.Debug_NEW|Win32.ActiveCfg = Debug_NEW|Win32
		{200652A6-043E-4634-8837-87983B3BD5E0}.Debug_NEW|Win32.Build.0 = Debug_NEW|Win32
		{200652A6-043E-4634-8837-87983B3BD5E0}.Debug|Any CPU.ActiveCfg = Debug|Win32
		{200652A6-043E-4634-8837-87983B3BD5E0}.Debug|Win32.ActiveCfg = Debug|Win32
		{200652A6-043E-4634-8837-87983B3BD5E0}.Debug|Win32.Build.0 = Debug|Win32
		{200652A6-043E-4634-8837-87983B3BD5E0}.Mixed_Dedicated|Any CPU.ActiveCfg = Mixed|Win32
		{200652A6-043E-4634-8837-87983B3BD5E0}.Mixed_Dedicated|Win32.ActiveCfg = Debug|Win32
		{200652A6-043E-4634-8837-87983B3BD5E0}.Mixed|Any CPU.ActiveCfg = Mixed|Win32
		{200652A6-043E-4634-8837-87983B3BD5E0}.Mixed|Win32.ActiveCfg = Debug|Win32
		{200652A6-043E-4634-8837-87983B3BD5E0}.Mixed|Win32.Build.0 = Debug|Win32
		{200652A6-043E-4634-8837-87983B3BD5E0}.Release|x64.ActiveCfg = Release|x64
		{200652A6-043E-4634-8837-87983B3BD5E0}.Release|x64.Build.0 = Release|x64
		{200652A6-043E-4634-8837-87983B3BD5E0}.Release|Any CPU.ActiveCfg = Release|Win32
		{200652A6-043E-4634-8837-87983B3BD5E0}.Release|Win32.ActiveCfg = Release|Win32
		{200652A6-043E-4634-8837-87983B3BD5E0}.Release|Win32.Build.0 = Release|Win32
		{5535F6B4-7AE6-4B66-8AEA-CC31C14D7AB7}.Debug_Dedicated|Any CPU.ActiveCfg = Debug|Win32
		{5535F6B4-7AE6-4B66-8AEA-CC31C14D7AB7}.Debug_Dedicated|Win32.ActiveCfg = Debug|Win32
		{5535F6B4-7AE6-4B66-8AEA-CC31C14D7AB7}.Debug_NEW|Any CPU.ActiveCfg = Debug_NEW|Win32
		{5535F6B4-7AE6-4B66-8AEA-CC31C14D7AB7}.Debug_NEW|Win32.ActiveCfg = Debug_NEW|Win32
		{5535F6B4-7AE6-4B66-8AEA-CC31C14D7AB7}.Debug_NEW|Win32.Build.0 = Debug_NEW|Win32
		{5535F6B4-7AE6-4B66-8AEA-CC31C14D7AB7}.Debug|Any CPU.ActiveCfg = Debug|Win32
		{5535F6B4-7AE6-4B66-8AEA-CC31C14D7AB7}.Debug|Win32.ActiveCfg = Debug|Win32
		{5535F6B4-7AE6-4B66-8AEA-CC31C14D7AB7}.Mixed_Dedicated|Any CPU.ActiveCfg = Release_LuaJit_one|Win32
		{5535F6B4-7AE6-4B66-8AEA-CC31C14D7AB7}.Mixed_Dedicated|Win32.ActiveCfg = Release|Win32
		{5535F6B4-7AE6-4B66-8AEA-CC31C14D7AB7}.Mixed|Any CPU.ActiveCfg = Release_LuaJit_one|Win32
		{5535F6B4-7AE6-4B66-8AEA-CC31C14D7AB7}.Mixed|Win32.ActiveCfg = Debug|Win32
		{5535F6B4-7AE6-4B66-8AEA-CC31C14D7AB7}.Mixed|Win32.Build.0 = Debug|Win32
		{5535F6B4-7AE6-4B66-8AEA-CC31C14D7AB7}.Release_Dedicated|Any CPU.ActiveCfg = Release_LuaJit_one|Win32
		{5535F6B4-7AE6-4B66-8AEA-CC31C14D7AB7}.Release_Dedicated|Win32.ActiveCfg = Release|Win32
		{5535F6B4-7AE6-4B66-8AEA-CC31C14D7AB7}.Release_LuaJit_one|Any CPU.ActiveCfg = Release_LuaJit_one|Win32
		{5535F6B4-7AE6-4B66-8AEA-CC31C14D7AB7}.Release_LuaJit_one|Win32.ActiveCfg = Release_LuaJit_one|Win32
		{5535F6B4-7AE6-4B66-8AEA-CC31C14D7AB7}.Release_LuaJit_one|Win32.Build.0 = Release_LuaJit_one|Win32
		{5535F6B4-7AE6-4B66-8AEA-CC31C14D7AB7}.Release|Any CPU.ActiveCfg = Release|Win32
		{5535F6B4-7AE6-4B66-8AEA-CC31C14D7AB7}.Release|Win32.ActiveCfg = Release|Win32
		{5535F6B4-7AE6-4B66-8AEA-CC31C14D7AB7}.Release|Win32.Build.0 = Release|Win32
		{435BAC9A-B225-457D-AB40-C9BD0CC8838C}.Debug_Dedicated|Any CPU.ActiveCfg = Debug|Win32
		{435BAC9A-B225-457D-AB40-C9BD0CC8838C}.Debug_Dedicated|Win32.ActiveCfg = Debug|Win32
		{435BAC9A-B225-457D-AB40-C9BD0CC8838C}.Debug_NEW|Any CPU.ActiveCfg = Debug_NEW|Win32
		{435BAC9A-B225-457D-AB40-C9BD0CC8838C}.Debug_NEW|Win32.ActiveCfg = Debug_NEW|Win32
		{435BAC9A-B225-457D-AB40-C9BD0CC8838C}.Debug_NEW|Win32.Build.0 = Debug_NEW|Win32
		{435BAC9A-B225-457D-AB40-C9BD0CC8838C}.Debug|Any CPU.ActiveCfg = Debug|Win32
		{435BAC9A-B225-457D-AB40-C9BD0CC8838C}.Debug|Win32.ActiveCfg = Debug|Win32
		{435BAC9A-B225-457D-AB40-C9BD0CC8838C}.Debug|Win32.Build.0 = Debug|Win32
		{435BAC9A-B225-457D-AB40-C9BD0CC8838C}.Mixed_Dedicated|Any CPU.ActiveCfg = Mixed|Win32
		{435BAC9A-B225-457D-AB40-C9BD0CC8838C}.Mixed_Dedicated|Win32.ActiveCfg = Mixed|Win32
		{435BAC9A-B225-457D-AB40-C9BD0CC8838C}.Mixed|Any CPU.ActiveCfg = Mixed|Win32
		{435BAC9A-B225-457D-AB40-C9BD0CC8838C}.Mixed|Win32.ActiveCfg = Debug|Win32
		{435BAC9A-B225-457D-AB40-C9BD0CC8838C}.Mixed|Win32.Build.0 = Debug|Win32
		{435BAC9A-B225-457D-AB40-C9BD0CC8838C}.Release|x64.ActiveCfg = Release|x64
		{435BAC9A-B225-457D-AB40-C9BD0CC8838C}.Release|x64.Build.0 = Release|x64
		{435BAC9A-B225-457D-AB40-C9BD0CC8838C}.Release|Any CPU.ActiveCfg = Release|Win32
		{435BAC9A-B225-457D-AB40-C9BD0CC8838C}.Release|Win32.ActiveCfg = Release|Win32
		{435BAC9A-B225-457D-AB40-C9BD0CC8838C}.Release|Win32.Build.0 = Release|Win32
		{94A1C366-3D19-48E6-8170-4ADC2E70DF97}.Debug_Dedicated|Any CPU.ActiveCfg = Debug|Win32
		{94A1C366-3D19-48E6-8170-4ADC2E70DF97}.Debug_Dedicated|Win32.ActiveCfg = Debug|Win32
		{94A1C366-3D19-48E6-8170-4ADC2E70DF97}.Debug_NEW|Any CPU.ActiveCfg = Debug_NEW|Win32
		{94A1C366-3D19-48E6-8170-4ADC2E70DF97}.Debug_NEW|Win32.ActiveCfg = Debug_NEW|Win32
		{94A1C366-3D19-48E6-8170-4ADC2E70DF97}.Debug_NEW|Win32.Build.0 = Debug_NEW|Win32
		{94A1C366-3D19-48E6-8170-4ADC2E70DF97}.Debug|Any CPU.ActiveCfg = Debug|Win32
		{94A1C366-3D19-48E6-8170-4ADC2E70DF97}.Debug|Win32.ActiveCfg = Debug|Win32
		{94A1C366-3D19-48E6-8170-4ADC2E70DF97}.Debug|Win32.Build.0 = Debug|Win32
		{94A1C366-3D19-48E6-8170-4ADC2E70DF97}.Mixed_Dedicated|Any CPU.ActiveCfg = Mixed|Win32
		{94A1C366-3D19-48E6-8170-4ADC2E70DF97}.Mixed_Dedicated|Win32.ActiveCfg = Mixed|Win32
		{94A1C366-3D19-48E6-8170-4ADC2E70DF97}.Mixed|Any CPU.ActiveCfg = Mixed|Win32
		{94A1C366-3D19-48E6-8170-4ADC2E70DF97}.Mixed|Win32.ActiveCfg = Mixed|Win32
		{94A1C366-3D19-48E6-8170-4ADC2E70DF97}.Mixed|Win32.Build.0 = Mixed|Win32
		{94A1C366-3D19-48E6-8170-4ADC2E70DF97}.Release|x64.ActiveCfg = Release|x64
		{94A1C366-3D19-48E6-8170-4ADC2E70DF97}.Release|x64.Build.0 = Release|x64
		{94A1C366-3D19-48E6-8170-4ADC2E70DF97}.Release|Any CPU.ActiveCfg = Release|Win32
		{94A1C366-3D19-48E6-8170-4ADC2E70DF97}.Release|Win32.ActiveCfg = Release|Win32
		{94A1C366-3D19-48E6-8170-4ADC2E70DF97}.Release|Win32.Build.0 = Release|Win32
		{963BA4E5-499A-454D-B002-1D5ECE0527A6}.Debug_Dedicated|Any CPU.ActiveCfg = Debug|Win32
		{963BA4E5-499A-454D-B002-1D5ECE0527A6}.Debug_Dedicated|Win32.ActiveCfg = Debug|Win32
		{963BA4E5-499A-454D-B002-1D5ECE0527A6}.Debug_NEW|Any CPU.ActiveCfg = Debug_NEW|Win32
		{963BA4E5-499A-454D-B002-1D5ECE0527A6}.Debug_NEW|Win32.ActiveCfg = Debug_NEW|Win32
		{963BA4E5-499A-454D-B002-1D5ECE0527A6}.Debug_NEW|Win32.Build.0 = Debug_NEW|Win32
		{963BA4E5-499A-454D-B002-1D5ECE0527A6}.Debug|Any CPU.ActiveCfg = Debug|Win32
		{963BA4E5-499A-454D-B002-1D5ECE0527A6}.Debug|Win32.ActiveCfg = Debug|Win32
		{963BA4E5-499A-454D-B002-1D5ECE0527A6}.Debug|Win32.Build.0 = Debug|Win32
		{963BA4E5-499A-454D-B002-1D5ECE0527A6}.Mixed_Dedicated|Any CPU.ActiveCfg = Mixed|Win32
		{963BA4E5-499A-454D-B002-1D5ECE0527A6}.Mixed_Dedicated|Win32.ActiveCfg = Mixed|Win32
		{963BA4E5-499A-454D-B002-1D5ECE0527A6}.Mixed|Any CPU.ActiveCfg = Mixed|Win32
		{963BA4E5-499A-454D-B002-1D5ECE0527A6}.Mixed|Win32.ActiveCfg = Debug|Win32
		{963BA4E5-499A-454D-B002-1D5ECE0527A6}.Mixed|Win32.Build.0 = Debug|Win32
		{963BA4E5-499A-454D-B002-1D5ECE0527A6}.Release|x64.ActiveCfg = Release|x64
		{963BA4E5-499A-454D-B002-1D5ECE0527A6}.Release|x64.Build.0 = Release|x64
		{963BA4E5-499A-454D-B002-1D5ECE0527A6}.Release|Any CPU.ActiveCfg = Release|Win32
		{963BA4E5-499A-454D-B002-1D5ECE0527A6}.Release|Win32.ActiveCfg = Release|Win32
		{963BA4E5-499A-454D-B002-1D5ECE0527A6}.Release|Win32.Build.0 = Release|Win32
		{CCCA7859-EB86-493E-9B53-C4235F45B3C5}.Debug_Dedicated|Any CPU.ActiveCfg = Debug|Win32
		{CCCA7859-EB86-493E-9B53-C4235F45B3C5}.Debug_Dedicated|Win32.ActiveCfg = Debug|Win32
		{CCCA7859-EB86-493E-9B53-C4235F45B3C5}.Debug_NEW|Any CPU.ActiveCfg = Debug_NEW|Win32
		{CCCA7859-EB86-493E-9B53-C4235F45B3C5}.Debug_NEW|Win32.ActiveCfg = Debug_NEW|Win32
		{CCCA7859-EB86-493E-9B53-C4235F45B3C5}.Debug_NEW|Win32.Build.0 = Debug_NEW|Win32
		{CCCA7859-EB86-493E-9B53-C4235F45B3C5}.Debug|Any CPU.ActiveCfg = Debug|Win32
		{CCCA7859-EB86-493E-9B53-C4235F45B3C5}.Debug|Win32.ActiveCfg = Debug|Win32
		{CCCA7859-EB86-493E-9B53-C4235F45B3C5}.Debug|Win32.Build.0 = Debug|Win32
		{CCCA7859-EB86-493E-9B53-C4235F45B3C5}.Mixed_Dedicated|Any CPU.ActiveCfg = Mixed|Win32
		{CCCA7859-EB86-493E-9B53-C4235F45B3C5}.Mixed_Dedicated|Win32.ActiveCfg = Mixed|Win32
		{CCCA7859-EB86-493E-9B53-C4235F45B3C5}.Mixed|Any CPU.ActiveCfg = Mixed|Win32
		{CCCA7859-EB86-493E-9B53-C4235F45B3C5}.Mixed|Win32.ActiveCfg = Mixed|Win32
		{CCCA7859-EB86-493E-9B53-C4235F45B3C5}.Mixed|Win32.Build.0 = Mixed|Win32
		{CCCA7859-EB86-493E-9B53-C4235F45B3C5}.Release|x64.ActiveCfg = Release|x64
		{CCCA7859-EB86-493E-9B53-C4235F45B3C5}.Release|x64.Build.0 = Release|x64
		{CCCA7859-EB86-493E-9B53-C4235F45B3C5}.Release|Any CPU.ActiveCfg = Release|Win32
		{CCCA7859-EB86-493E-9B53-C4235F45B3C5}.Release|Win32.ActiveCfg = Release|Win32
		{CCCA7859-EB86-493E-9B53-C4235F45B3C5}.Release|Win32.Build.0 = Release|Win32
		{94A1C366-3D19-48E6-8170-4ADC2E70DF98}.Debug_Dedicated|Any CPU.ActiveCfg = Debug|Win32
		{94A1C366-3D19-48E6-8170-4ADC2E70DF98}.Debug_Dedicated|Win32.ActiveCfg = Debug|Win32
		{94A1C366-3D19-48E6-8170-4ADC2E70DF98}.Debug_NEW|Any CPU.ActiveCfg = Debug_NEW|Win32
		{94A1C366-3D19-48E6-8170-4ADC2E70DF98}.Debug_NEW|Win32.ActiveCfg = Debug_NEW|Win32
		{94A1C366-3D19-48E6-8170-4ADC2E70DF98}.Debug_NEW|Win32.Build.0 = Debug_NEW|Win32
		{94A1C366-3D19-48E6-8170-4ADC2E70DF98}.Debug|Any CPU.ActiveCfg = Debug|Win32
		{94A1C366-3D19-48E6-8170-4ADC2E70DF98}.Debug|Win32.ActiveCfg = Debug|Win32
		{94A1C366-3D19-48E6-8170-4ADC2E70DF98}.Debug|Win32.Build.0 = Debug|Win32
		{94A1C366-3D19-48E6-8170-4ADC2E70DF98}.Mixed_Dedicated|Any CPU.ActiveCfg = Mixed|Win32
		{94A1C366-3D19-48E6-8170-4ADC2E70DF98}.Mixed_Dedicated|Win32.ActiveCfg = Mixed|Win32
		{94A1C366-3D19-48E6-8170-4ADC2E70DF98}.Mixed|Any CPU.ActiveCfg = Mixed|Win32
		{94A1C366-3D19-48E6-8170-4ADC2E70DF98}.Mixed|Win32.ActiveCfg = Mixed|Win32
		{94A1C366-3D19-48E6-8170-4ADC2E70DF98}.Mixed|Win32.Build.0 = Mixed|Win32
		{94A1C366-3D19-48E6-8170-4ADC2E70DF98}.Release|x64.ActiveCfg = Release|x64
		{94A1C366-3D19-48E6-8170-4ADC2E70DF98}.Release|x64.Build.0 = Release|x64
		{94A1C366-3D19-48E6-8170-4ADC2E70DF98}.Release|Any CPU.ActiveCfg = Release|Win32
		{94A1C366-3D19-48E6-8170-4ADC2E70DF98}.Release|Win32.ActiveCfg = Release|Win32
		{94A1C366-3D19-48E6-8170-4ADC2E70DF98}.Release|Win32.Build.0 = Release|Win32
		{1DAEC516-E52C-4A3C-A4DA-AE3553E6E0F8}.Debug_Dedicated|Any CPU.ActiveCfg = Debug|Win32
		{1DAEC516-E52C-4A3C-A4DA-AE3553E6E0F8}.Debug_Dedicated|Win32.ActiveCfg = Debug|Win32
		{1DAEC516-E52C-4A3C-A4DA-AE3553E6E0F8}.Debug_NEW|Any CPU.ActiveCfg = Debug_NEW|Win32
		{1DAEC516-E52C-4A3C-A4DA-AE3553E6E0F8}.Debug_NEW|Win32.ActiveCfg = Debug_NEW|Win32
		{1DAEC516-E52C-4A3C-A4DA-AE3553E6E0F8}.Debug_NEW|Win32.Build.0 = Debug_NEW|Win32
		{1DAEC516-E52C-4A3C-A4DA-AE3553E6E0F8}.Debug|Any CPU.ActiveCfg = Debug|Win32
		{1DAEC516-E52C-4A3C-A4DA-AE3553E6E0F8}.Debug|Win32.ActiveCfg = Debug|Win32
		{1DAEC516-E52C-4A3C-A4DA-AE3553E6E0F8}.Debug|Win32.Build.0 = Debug|Win32
		{1DAEC516-E52C-4A3C-A4DA-AE3553E6E0F8}.Mixed_Dedicated|Any CPU.ActiveCfg = Release_LuaJit_one|Win32
		{1DAEC516-E52C-4A3C-A4DA-AE3553E6E0F8}.Mixed_Dedicated|Win32.ActiveCfg = Debug|Win32
		{1DAEC516-E52C-4A3C-A4DA-AE3553E6E0F8}.Mixed|Any CPU.ActiveCfg = Release_LuaJit_one|Win32
		{1DAEC516-E52C-4A3C-A4DA-AE3553E6E0F8}.Mixed|Win32.ActiveCfg = Debug|Win32
		{1DAEC516-E52C-4A3C-A4DA-AE3553E6E0F8}.Mixed|Win32.Build.0 = Debug|Win32
		{1DAEC516-E52C-4A3C-A4DA-AE3553E6E0F8}.Release|x64.ActiveCfg = Release|x64
		{1DAEC516-E52C-4A3C-A4DA-AE3553E6E0F8}.Release|x64.Build.0 = Release|x64
		{1DAEC516-E52C-4A3C-A4DA-AE3553E6E0F8}.Release|Any CPU.ActiveCfg = Release|Win32
		{1DAEC516-E52C-4A3C-A4DA-AE3553E6E0F8}.Release|Win32.ActiveCfg = Release|Win32
		{1DAEC516-E52C-4A3C-A4DA-AE3553E6E0F8}.Release|Win32.Build.0 = Release|Win32
		{492D3DFE-9068-4E7E-A008-7C2420A651C0}.Debug_Dedicated|Any CPU.ActiveCfg = Debug|Win32
		{492D3DFE-9068-4E7E-A008-7C2420A651C0}.Debug_Dedicated|Win32.ActiveCfg = Debug|Win32
		{492D3DFE-9068-4E7E-A008-7C2420A651C0}.Debug_NEW|Any CPU.ActiveCfg = Debug_NEW|Win32
		{492D3DFE-9068-4E7E-A008-7C2420A651C0}.Debug_NEW|Win32.ActiveCfg = Debug_NEW|Win32
		{492D3DFE-9068-4E7E-A008-7C2420A651C0}.Debug|Any CPU.ActiveCfg = Debug|Win32
		{492D3DFE-9068-4E7E-A008-7C2420A651C0}.Debug|Win32.ActiveCfg = Debug|Win32
		{492D3DFE-9068-4E7E-A008-7C2420A651C0}.Mixed_Dedicated|Any CPU.ActiveCfg = Release_LuaJit_one|Win32
		{492D3DFE-9068-4E7E-A008-7C2420A651C0}.Mixed_Dedicated|Win32.ActiveCfg = Release|Win32
		{492D3DFE-9068-4E7E-A008-7C2420A651C0}.Mixed|Any CPU.ActiveCfg = Release_LuaJit_one|Win32
		{492D3DFE-9068-4E7E-A008-7C2420A651C0}.Mixed|Win32.ActiveCfg = Debug|Win32
		{492D3DFE-9068-4E7E-A008-7C2420A651C0}.Mixed|Win32.Build.0 = Debug|Win32
		{492D3DFE-9068-4E7E-A008-7C2420A651C0}.Release|x64.ActiveCfg = Release|x64
		{492D3DFE-9068-4E7E-A008-7C2420A651C0}.Release|x64.Build.0 = Release|x64
		{492D3DFE-9068-4E7E-A008-7C2420A651C0}.Release|Any CPU.ActiveCfg = Release|Win32
		{492D3DFE-9068-4E7E-A008-7C2420A651C0}.Release|Win32.ActiveCfg = Release|Win32
		{B45374AA-C7ED-42CF-BBD3-DEAA2B7ACB48}.Debug_Dedicated|Any CPU.ActiveCfg = Debug|Win32
		{B45374AA-C7ED-42CF-BBD3-DEAA2B7ACB48}.Debug_Dedicated|Win32.ActiveCfg = Debug|Win32
		{B45374AA-C7ED-42CF-BBD3-DEAA2B7ACB48}.Debug_NEW|Any CPU.ActiveCfg = Debug_NEW|Win32
		{B45374AA-C7ED-42CF-BBD3-DEAA2B7ACB48}.Debug_NEW|Win32.ActiveCfg = Debug_NEW|Win32
		{B45374AA-C7ED-42CF-BBD3-DEAA2B7ACB48}.Debug|Any CPU.ActiveCfg = Debug|Win32
		{B45374AA-C7ED-42CF-BBD3-DEAA2B7ACB48}.Debug|Win32.ActiveCfg = Debug|Win32
		{B45374AA-C7ED-42CF-BBD3-DEAA2B7ACB48}.Mixed_Dedicated|Any CPU.ActiveCfg = Release_LuaJit_one|Win32
		{B45374AA-C7ED-42CF-BBD3-DEAA2B7ACB48}.Mixed_Dedicated|Win32.ActiveCfg = Release|Win32
		{B45374AA-C7ED-42CF-BBD3-DEAA2B7ACB48}.Mixed|Any CPU.ActiveCfg = Release_LuaJit_one|Win32
		{B45374AA-C7ED-42CF-BBD3-DEAA2B7ACB48}.Mixed|Win32.ActiveCfg = Debug|Win32
		{B45374AA-C7ED-42CF-BBD3-DEAA2B7ACB48}.Mixed|Win32.Build.0 = Debug|Win32
		{B45374AA-C7ED-42CF-BBD3-DEAA2B7ACB48}.Release|x64.ActiveCfg = Release|x64
		{B45374AA-C7ED-42CF-BBD3-DEAA2B7ACB48}.Release|x64.Build.0 = Release|x64
		{B45374AA-C7ED-42CF-BBD3-DEAA2B7ACB48}.Release|Any CPU.ActiveCfg = Release|Win32
		{B45374AA-C7ED-42CF-BBD3-DEAA2B7ACB48}.Release|Win32.ActiveCfg = Release|Win32
		{2578C6D8-660D-48AE-9322-7422F8664F06}.Debug_Dedicated|Any CPU.ActiveCfg = Debug_Dedicated|Win32
		{2578C6D8-660D-48AE-9322-7422F8664F06}.Debug_Dedicated|Win32.ActiveCfg = Debug_Dedicated|Win32
		{2578C6D8-660D-48AE-9322-7422F8664F06}.Debug_Dedicated|Win32.Build.0 = Debug_Dedicated|Win32
		{2578C6D8-660D-48AE-9322-7422F8664F06}.Debug_NEW|Any CPU.ActiveCfg = Debug_NEW|Win32
		{2578C6D8-660D-48AE-9322-7422F8664F06}.Debug_NEW|Win32.ActiveCfg = Debug_NEW|Win32
		{2578C6D8-660D-48AE-9322-7422F8664F06}.Debug_NEW|Win32.Build.0 = Debug_NEW|Win32
		{2578C6D8-660D-48AE-9322-7422F8664F06}.Debug|Any CPU.ActiveCfg = Debug|Win32
		{2578C6D8-660D-48AE-9322-7422F8664F06}.Debug|Win32.ActiveCfg = Debug|Win32
		{2578C6D8-660D-48AE-9322-7422F8664F06}.Debug|Win32.Build.0 = Debug|Win32
		{2578C6D8-660D-48AE-9322-7422F8664F06}.Mixed_Dedicated|Any CPU.ActiveCfg = Mixed_Dedicated|Win32
		{2578C6D8-660D-48AE-9322-7422F8664F06}.Mixed_Dedicated|Win32.ActiveCfg = Mixed_Dedicated|Win32
		{2578C6D8-660D-48AE-9322-7422F8664F06}.Mixed_Dedicated|Win32.Build.0 = Mixed_Dedicated|Win32
		{2578C6D8-660D-48AE-9322-7422F8664F06}.Mixed|Any CPU.ActiveCfg = Mixed|Win32
		{2578C6D8-660D-48AE-9322-7422F8664F06}.Mixed|Win32.ActiveCfg = Debug|Win32
		{2578C6D8-660D-48AE-9322-7422F8664F06}.Mixed|Win32.Build.0 = Debug|Win32
		{2578C6D8-660D-48AE-9322-7422F8664F06}.Release|x64.ActiveCfg = Release|x64
		{2578C6D8-660D-48AE-9322-7422F8664F06}.Release|x64.Build.0 = Release|x64
		{2578C6D8-660D-48AE-9322-7422F8664F06}.Release|Any CPU.ActiveCfg = Release|Win32
		{2578C6D8-660D-48AE-9322-7422F8664F06}.Release|Win32.ActiveCfg = Release|Win32
		{2578C6D8-660D-48AE-9322-7422F8664F06}.Release|Win32.Build.0 = Release|Win32
		{CC52E0B3-CC35-4934-9302-035B748F3F2C}.Debug_Dedicated|Any CPU.ActiveCfg = Debug|Win32
		{CC52E0B3-CC35-4934-9302-035B748F3F2C}.Debug_Dedicated|Win32.ActiveCfg = Debug|Win32
		{CC52E0B3-CC35-4934-9302-035B748F3F2C}.Debug_NEW|Any CPU.ActiveCfg = Debug_NEW|Win32
		{CC52E0B3-CC35-4934-9302-035B748F3F2C}.Debug_NEW|Win32.ActiveCfg = Debug_NEW|Win32
		{CC52E0B3-CC35-4934-9302-035B748F3F2C}.Debug_NEW|Win32.Build.0 = Debug_NEW|Win32
		{CC52E0B3-CC35-4934-9302-035B748F3F2C}.Debug|Any CPU.ActiveCfg = Debug|Win32
		{CC52E0B3-CC35-4934-9302-035B748F3F2C}.Debug|Win32.ActiveCfg = Debug|Win32
		{CC52E0B3-CC35-4934-9302-035B748F3F2C}.Debug|Win32.Build.0 = Debug|Win32
		{CC52E0B3-CC35-4934-9302-035B748F3F2C}.Mixed_Dedicated|Any CPU.ActiveCfg = Release_LuaJit_one|Win32
		{CC52E0B3-CC35-4934-9302-035B748F3F2C}.Mixed_Dedicated|Win32.ActiveCfg = Debug|Win32
		{CC52E0B3-CC35-4934-9302-035B748F3F2C}.Mixed|Any CPU.ActiveCfg = Release_LuaJit_one|Win32
		{CC52E0B3-CC35-4934-9302-035B748F3F2C}.Mixed|Win32.ActiveCfg = Debug|Win32
		{CC52E0B3-CC35-4934-9302-035B748F3F2C}.Mixed|Win32.Build.0 = Debug|Win32
		{CC52E0B3-CC35-4934-9302-035B748F3F2C}.Release|x64.ActiveCfg = Release|x64
		{CC52E0B3-CC35-4934-9302-035B748F3F2C}.Release|x64.Build.0 = Release|x64
		{CC52E0B3-CC35-4934-9302-035B748F3F2C}.Release|Any CPU.ActiveCfg = Release|Win32
		{CC52E0B3-CC35-4934-9302-035B748F3F2C}.Release|Win32.ActiveCfg = Release|Win32
		{CC52E0B3-CC35-4934-9302-035B748F3F2C}.Release|Win32.Build.0 = Release|Win32
		{98D24A3D-7666-4C11-9D6E-B10393CE8CBA}.Debug_Dedicated|Any CPU.ActiveCfg = Debug|Win32
		{98D24A3D-7666-4C11-9D6E-B10393CE8CBA}.Debug_Dedicated|Win32.ActiveCfg = Debug|Win32
		{98D24A3D-7666-4C11-9D6E-B10393CE8CBA}.Debug_NEW|Any CPU.ActiveCfg = Debug_NEW|Win32
		{98D24A3D-7666-4C11-9D6E-B10393CE8CBA}.Debug_NEW|Win32.ActiveCfg = Debug_NEW|Win32
		{98D24A3D-7666-4C11-9D6E-B10393CE8CBA}.Debug_NEW|Win32.Build.0 = Debug_NEW|Win32
		{98D24A3D-7666-4C11-9D6E-B10393CE8CBA}.Debug|Any CPU.ActiveCfg = Debug|Win32
		{98D24A3D-7666-4C11-9D6E-B10393CE8CBA}.Debug|Win32.ActiveCfg = Debug|Win32
		{98D24A3D-7666-4C11-9D6E-B10393CE8CBA}.Debug|Win32.Build.0 = Debug|Win32
		{98D24A3D-7666-4C11-9D6E-B10393CE8CBA}.Mixed_Dedicated|Any CPU.ActiveCfg = Mixed|Win32
		{98D24A3D-7666-4C11-9D6E-B10393CE8CBA}.Mixed_Dedicated|Win32.ActiveCfg = Mixed|Win32
		{98D24A3D-7666-4C11-9D6E-B10393CE8CBA}.Mixed|Any CPU.ActiveCfg = Mixed|Win32
		{98D24A3D-7666-4C11-9D6E-B10393CE8CBA}.Mixed|Win32.ActiveCfg = Mixed|Win32
		{98D24A3D-7666-4C11-9D6E-B10393CE8CBA}.Mixed|Win32.Build.0 = Mixed|Win32
		{98D24A3D-7666-4C11-9D6E-B10393CE8CBA}.Release|x64.ActiveCfg = Release|x64
		{98D24A3D-7666-4C11-9D6E-B10393CE8CBA}.Release|x64.Build.0 = Release|x64
		{98D24A3D-7666-4C11-9D6E-B10393CE8CBA}.Release|Any CPU.ActiveCfg = Release|Win32
		{98D24A3D-7666-4C11-9D6E-B10393CE8CBA}.Release|Win32.ActiveCfg = Release|Win32
		{98D24A3D-7666-4C11-9D6E-B10393CE8CBA}.Release|Win32.Build.0 = Release|Win32
		{FA169092-EA3E-40C1-8E5A-A2B575700FE8}.Debug_Dedicated|Any CPU.ActiveCfg = Debug|Win32
		{FA169092-EA3E-40C1-8E5A-A2B575700FE8}.Debug_Dedicated|Win32.ActiveCfg = Debug|Win32
		{FA169092-EA3E-40C1-8E5A-A2B575700FE8}.Debug_NEW|Any CPU.ActiveCfg = Debug_NEW|Win32
		{FA169092-EA3E-40C1-8E5A-A2B575700FE8}.Debug_NEW|Win32.ActiveCfg = Debug_NEW|Win32
		{FA169092-EA3E-40C1-8E5A-A2B575700FE8}.Debug_NEW|Win32.Build.0 = Debug_NEW|Win32
		{FA169092-EA3E-40C1-8E5A-A2B575700FE8}.Debug|Any CPU.ActiveCfg = Debug|Win32
		{FA169092-EA3E-40C1-8E5A-A2B575700FE8}.Debug|Win32.ActiveCfg = Debug|Win32
		{FA169092-EA3E-40C1-8E5A-A2B575700FE8}.Debug|Win32.Build.0 = Debug|Win32
		{FA169092-EA3E-40C1-8E5A-A2B575700FE8}.Mixed_Dedicated|Any CPU.ActiveCfg = Release_LuaJit_one|Win32
		{FA169092-EA3E-40C1-8E5A-A2B575700FE8}.Mixed_Dedicated|Win32.ActiveCfg = Debug|Win32
		{FA169092-EA3E-40C1-8E5A-A2B575700FE8}.Mixed|Any CPU.ActiveCfg = Release_LuaJit_one|Win32
		{FA169092-EA3E-40C1-8E5A-A2B575700FE8}.Mixed|Win32.ActiveCfg = Debug|Win32
		{FA169092-EA3E-40C1-8E5A-A2B575700FE8}.Mixed|Win32.Build.0 = Debug|Win32
		{FA169092-EA3E-40C1-8E5A-A2B575700FE8}.Release|x64.ActiveCfg = Release|x64
		{FA169092-EA3E-40C1-8E5A-A2B575700FE8}.Release|x64.Build.0 = Release|x64
		{FA169092-EA3E-40C1-8E5A-A2B575700FE8}.Release|Any CPU.ActiveCfg = Release|Win32
		{FA169092-EA3E-40C1-8E5A-A2B575700FE8}.Release|Win32.ActiveCfg = Release|Win32
		{FA169092-EA3E-40C1-8E5A-A2B575700FE8}.Release|Win32.Build.0 = Release|Win32
		{880CD250-BA77-4DAF-A8D4-552F12DD3AE4}.Debug_Dedicated|Any CPU.ActiveCfg = Debug|Win32
		{880CD250-BA77-4DAF-A8D4-552F12DD3AE4}.Debug_Dedicated|Win32.ActiveCfg = Debug|Win32
		{880CD250-BA77-4DAF-A8D4-552F12DD3AE4}.Debug_Dedicated|Win32.Build.0 = Debug|Win32
		{880CD250-BA77-4DAF-A8D4-552F12DD3AE4}.Debug_NEW|Any CPU.ActiveCfg = Debug_NEW|Win32
		{880CD250-BA77-4DAF-A8D4-552F12DD3AE4}.Debug_NEW|Win32.ActiveCfg = Debug_NEW|Win32
		{880CD250-BA77-4DAF-A8D4-552F12DD3AE4}.Debug_NEW|Win32.Build.0 = Debug_NEW|Win32
		{880CD250-BA77-4DAF-A8D4-552F12DD3AE4}.Debug|Any CPU.ActiveCfg = Debug|Win32
		{880CD250-BA77-4DAF-A8D4-552F12DD3AE4}.Debug|Win32.ActiveCfg = Debug|Win32
		{880CD250-BA77-4DAF-A8D4-552F12DD3AE4}.Debug|Win32.Build.0 = Debug|Win32
		{880CD250-BA77-4DAF-A8D4-552F12DD3AE4}.Mixed_Dedicated|Any CPU.ActiveCfg = Release_LuaJit_one|Win32
		{880CD250-BA77-4DAF-A8D4-552F12DD3AE4}.Mixed_Dedicated|Win32.ActiveCfg = Release|Win32
		{880CD250-BA77-4DAF-A8D4-552F12DD3AE4}.Mixed_Dedicated|Win32.Build.0 = Release|Win32
		{880CD250-BA77-4DAF-A8D4-552F12DD3AE4}.Mixed|Any CPU.ActiveCfg = Release_LuaJit_one|Win32
		{880CD250-BA77-4DAF-A8D4-552F12DD3AE4}.Mixed|Win32.ActiveCfg = Release|Win32
		{880CD250-BA77-4DAF-A8D4-552F12DD3AE4}.Mixed|Win32.Build.0 = Release|Win32
		{880CD250-BA77-4DAF-A8D4-552F12DD3AE4}.Release|x64.ActiveCfg = Release|x64
		{880CD250-BA77-4DAF-A8D4-552F12DD3AE4}.Release|x64.Build.0 = Release|x64
		{880CD250-BA77-4DAF-A8D4-552F12DD3AE4}.Release|Any CPU.ActiveCfg = Release|Win32
		{880CD250-BA77-4DAF-A8D4-552F12DD3AE4}.Release|Win32.ActiveCfg = Release|Win32
		{880CD250-BA77-4DAF-A8D4-552F12DD3AE4}.Release|Win32.Build.0 = Release|Win32
		{44F716E7-05BD-4390-AB02-5F7DAF7FEFDE}.Debug_Dedicated|Any CPU.ActiveCfg = Debug|Win32
		{44F716E7-05BD-4390-AB02-5F7DAF7FEFDE}.Debug_Dedicated|Win32.ActiveCfg = Debug|Win32
		{44F716E7-05BD-4390-AB02-5F7DAF7FEFDE}.Debug_Dedicated|Win32.Build.0 = Debug|Win32
		{44F716E7-05BD-4390-AB02-5F7DAF7FEFDE}.Debug_NEW|Any CPU.ActiveCfg = Debug_NEW|Win32
		{44F716E7-05BD-4390-AB02-5F7DAF7FEFDE}.Debug_NEW|Win32.ActiveCfg = Debug_NEW|Win32
		{44F716E7-05BD-4390-AB02-5F7DAF7FEFDE}.Debug_NEW|Win32.Build.0 = Debug_NEW|Win32
		{44F716E7-05BD-4390-AB02-5F7DAF7FEFDE}.Debug|Any CPU.ActiveCfg = Debug|Win32
		{44F716E7-05BD-4390-AB02-5F7DAF7FEFDE}.Debug|Win32.ActiveCfg = Debug|Win32
		{44F716E7-05BD-4390-AB02-5F7DAF7FEFDE}.Debug|Win32.Build.0 = Debug|Win32
		{44F716E7-05BD-4390-AB02-5F7DAF7FEFDE}.Mixed_Dedicated|Any CPU.ActiveCfg = Release_LuaJit_one|Win32
		{44F716E7-05BD-4390-AB02-5F7DAF7FEFDE}.Mixed_Dedicated|Win32.ActiveCfg = Release|Win32
		{44F716E7-05BD-4390-AB02-5F7DAF7FEFDE}.Mixed_Dedicated|Win32.Build.0 = Release|Win32
		{44F716E7-05BD-4390-AB02-5F7DAF7FEFDE}.Mixed|Any CPU.ActiveCfg = Release_LuaJit_one|Win32
		{44F716E7-05BD-4390-AB02-5F7DAF7FEFDE}.Mixed|Win32.ActiveCfg = Release|Win32
		{44F716E7-05BD-4390-AB02-5F7DAF7FEFDE}.Mixed|Win32.Build.0 = Release|Win32
		{44F716E7-05BD-4390-AB02-5F7DAF7FEFDE}.Release|x64.ActiveCfg = Release|x64
		{44F716E7-05BD-4390-AB02-5F7DAF7FEFDE}.Release|x64.Build.0 = Release|x64
		{44F716E7-05BD-4390-AB02-5F7DAF7FEFDE}.Release|Any CPU.ActiveCfg = Release|Win32
		{44F716E7-05BD-4390-AB02-5F7DAF7FEFDE}.Release|Win32.ActiveCfg = Release|Win32
		{44F716E7-05BD-4390-AB02-5F7DAF7FEFDE}.Release|Win32.Build.0 = Release|Win32
		{632AEEB6-DC06-4E15-9551-B2B09A4B73C5}.Debug_Dedicated|Any CPU.ActiveCfg = Debug|Win32
		{632AEEB6-DC06-4E15-9551-B2B09A4B73C5}.Debug_Dedicated|Win32.ActiveCfg = Debug|Win32
		{632AEEB6-DC06-4E15-9551-B2B09A4B73C5}.Debug_Dedicated|Win32.Build.0 = Debug|Win32
		{632AEEB6-DC06-4E15-9551-B2B09A4B73C5}.Debug_Dedicated|x64.ActiveCfg = Debug|x64
		{632AEEB6-DC06-4E15-9551-B2B09A4B73C5}.Debug_Dedicated|x64.Build.0 = Debug|x64
		{632AEEB6-DC06-4E15-9551-B2B09A4B73C5}.Debug_NEW|Any CPU.ActiveCfg = Debug|Win32
		{632AEEB6-DC06-4E15-9551-B2B09A4B73C5}.Debug_NEW|Win32.ActiveCfg = Debug|Win32
		{632AEEB6-DC06-4E15-9551-B2B09A4B73C5}.Debug_NEW|Win32.Build.0 = Debug|Win32
		{632AEEB6-DC06-4E15-9551-B2B09A4B73C5}.Debug_NEW|x64.ActiveCfg = Debug|x64
		{632AEEB6-DC06-4E15-9551-B2B09A4B73C5}.Debug_NEW|x64.Build.0 = Debug|x64
		{632AEEB6-DC06-4E15-9551-B2B09A4B73C5}.Debug|Any CPU.ActiveCfg = Debug|Win32
		{632AEEB6-DC06-4E15-9551-B2B09A4B73C5}.Debug|Win32.ActiveCfg = Debug|Win32
		{632AEEB6-DC06-4E15-9551-B2B09A4B73C5}.Debug|Win32.Build.0 = Debug|Win32
		{632AEEB6-DC06-4E15-9551-B2B09A4B73C5}.Debug|x64.ActiveCfg = Debug|x64
		{632AEEB6-DC06-4E15-9551-B2B09A4B73C5}.Debug|x64.Build.0 = Debug|x64
		{632AEEB6-DC06-4E15-9551-B2B09A4B73C5}.Mixed_Dedicated|Any CPU.ActiveCfg = Release|Win32
		{632AEEB6-DC06-4E15-9551-B2B09A4B73C5}.Mixed_Dedicated|Win32.ActiveCfg = Release|Win32
		{632AEEB6-DC06-4E15-9551-B2B09A4B73C5}.Mixed_Dedicated|Win32.Build.0 = Release|Win32
		{632AEEB6-DC06-4E15-9551-B2B09A4B73C5}.Mixed_Dedicated|x64.ActiveCfg = Release|x64
		{632AEEB6-DC06-4E15-9551-B2B09A4B73C5}.Mixed_Dedicated|x64.Build.0 = Release|x64
		{632AEEB6-DC06-4E15-9551-B2B09A4B73C5}.Mixed|Any CPU.ActiveCfg = Release|Win32
		{632AEEB6-DC06-4E15-9551-B2B09A4B73C5}.Mixed|Win32.ActiveCfg = Release|Win32
		{632AEEB6-DC06-4E15-9551-B2B09A4B73C5}.Mixed|Win32.Build.0 = Release|Win32
		{632AEEB6-DC06-4E15-9551-B2B09A4B73C5}.Mixed|x64.ActiveCfg = Release|x64
		{632AEEB6-DC06-4E15-9551-B2B09A4B73C5}.Mixed|x64.Build.0 = Release|x64
		{632AEEB6-DC06-4E15-9551-B2B09A4B73C5}.Release_Dedicated|Any CPU.ActiveCfg = Release|Win32
		{632AEEB6-DC06-4E15-9551-B2B09A4B73C5}.Release_Dedicated|Win32.ActiveCfg = Release|Win32
		{632AEEB6-DC06-4E15-9551-B2B09A4B73C5}.Release_Dedicated|Win32.Build.0 = Release|Win32
		{632AEEB6-DC06-4E15-9551-B2B09A4B73C5}.Release_Dedicated|x64.ActiveCfg = Release|x64
		{632AEEB6-DC06-4E15-9551-B2B09A4B73C5}.Release_Dedicated|x64.Build.0 = Release|x64
		{632AEEB6-DC06-4E15-9551-B2B09A4B73C5}.Release_LuaJit_one|Any CPU.ActiveCfg = Release|Win32
		{632AEEB6-DC06-4E15-9551-B2B09A4B73C5}.Release_LuaJit_one|Win32.ActiveCfg = Release|Win32
		{632AEEB6-DC06-4E15-9551-B2B09A4B73C5}.Release_LuaJit_one|Win32.Build.0 = Release|Win32
		{632AEEB6-DC06-4E15-9551-B2B09A4B73C5}.Release_LuaJit_one|x64.ActiveCfg = Release|x64
		{632AEEB6-DC06-4E15-9551-B2B09A4B73C5}.Release_LuaJit_one|x64.Build.0 = Release|x64
		{632AEEB6-DC06-4E15-9551-B2B09A4B73C5}.Release|Any CPU.ActiveCfg = Release|Win32
		{632AEEB6-DC06-4E15-9551-B2B09A4B73C5}.Release|Win32.ActiveCfg = Release|Win32
		{632AEEB6-DC06-4E15-9551-B2B09A4B73C5}.Release|Win32.Build.0 = Release|Win32
		{632AEEB6-DC06-4E15-9551-B2B09A4B73C5}.Release|x64.ActiveCfg = Release|x64
		{632AEEB6-DC06-4E15-9551-B2B09A4B73C5}.Release|x64.Build.0 = Release|x64
		{3A214E06-B95E-4D61-A291-1F8DF2EC10FD}.Debug_Dedicated|Any CPU.ActiveCfg = Debug|Win32
		{3A214E06-B95E-4D61-A291-1F8DF2EC10FD}.Debug_Dedicated|Win32.ActiveCfg = Debug|Win32
		{3A214E06-B95E-4D61-A291-1F8DF2EC10FD}.Debug_Dedicated|Win32.Build.0 = Debug|Win32
		{3A214E06-B95E-4D61-A291-1F8DF2EC10FD}.Debug_Dedicated|x64.ActiveCfg = Debug|x64
		{3A214E06-B95E-4D61-A291-1F8DF2EC10FD}.Debug_Dedicated|x64.Build.0 = Debug|x64
		{3A214E06-B95E-4D61-A291-1F8DF2EC10FD}.Debug_NEW|Any CPU.ActiveCfg = Debug|Win32
		{3A214E06-B95E-4D61-A291-1F8DF2EC10FD}.Debug_NEW|Win32.ActiveCfg = Debug|Win32
		{3A214E06-B95E-4D61-A291-1F8DF2EC10FD}.Debug_NEW|Win32.Build.0 = Debug|Win32
		{3A214E06-B95E-4D61-A291-1F8DF2EC10FD}.Debug_NEW|x64.ActiveCfg = Debug|x64
		{3A214E06-B95E-4D61-A291-1F8DF2EC10FD}.Debug_NEW|x64.Build.0 = Debug|x64
		{3A214E06-B95E-4D61-A291-1F8DF2EC10FD}.Debug|Any CPU.ActiveCfg = Debug|Win32
		{3A214E06-B95E-4D61-A291-1F8DF2EC10FD}.Debug|Win32.ActiveCfg = Debug|Win32
		{3A214E06-B95E-4D61-A291-1F8DF2EC10FD}.Debug|Win32.Build.0 = Debug|Win32
		{3A214E06-B95E-4D61-A291-1F8DF2EC10FD}.Debug|x64.ActiveCfg = Debug|x64
		{3A214E06-B95E-4D61-A291-1F8DF2EC10FD}.Debug|x64.Build.0 = Debug|x64
		{3A214E06-B95E-4D61-A291-1F8DF2EC10FD}.Mixed_Dedicated|Any CPU.ActiveCfg = Release|Win32
		{3A214E06-B95E-4D61-A291-1F8DF2EC10FD}.Mixed_Dedicated|Win32.ActiveCfg = Release|Win32
		{3A214E06-B95E-4D61-A291-1F8DF2EC10FD}.Mixed_Dedicated|Win32.Build.0 = Release|Win32
		{3A214E06-B95E-4D61-A291-1F8DF2EC10FD}.Mixed_Dedicated|x64.ActiveCfg = Release|x64
		{3A214E06-B95E-4D61-A291-1F8DF2EC10FD}.Mixed_Dedicated|x64.Build.0 = Release|x64
		{3A214E06-B95E-4D61-A291-1F8DF2EC10FD}.Mixed|Any CPU.ActiveCfg = Release|Win32
		{3A214E06-B95E-4D61-A291-1F8DF2EC10FD}.Mixed|Win32.ActiveCfg = Release|Win32
		{3A214E06-B95E-4D61-A291-1F8DF2EC10FD}.Mixed|Win32.Build.0 = Release|Win32
		{3A214E06-B95E-4D61-A291-1F8DF2EC10FD}.Mixed|x64.ActiveCfg = Release|x64
		{3A214E06-B95E-4D61-A291-1F8DF2EC10FD}.Mixed|x64.Build.0 = Release|x64
		{3A214E06-B95E-4D61-A291-1F8DF2EC10FD}.Release_Dedicated|Any CPU.ActiveCfg = Release|Win32
		{3A214E06-B95E-4D61-A291-1F8DF2EC10FD}.Release_Dedicated|Win32.ActiveCfg = Release|Win32
		{3A214E06-B95E-4D61-A291-1F8DF2EC10FD}.Release_Dedicated|Win32.Build.0 = Release|Win32
		{3A214E06-B95E-4D61-A291-1F8DF2EC10FD}.Release_Dedicated|x64.ActiveCfg = Release|x64
		{3A214E06-B95E-4D61-A291-1F8DF2EC10FD}.Release_Dedicated|x64.Build.0 = Release|x64
		{3A214E06-B95E-4D61-A291-1F8DF2EC10FD}.Release_LuaJit_one|Any CPU.ActiveCfg = Release|Win32
		{3A214E06-B95E-4D61-A291-1F8DF2EC10FD}.Release_LuaJit_one|Win32.ActiveCfg = Release|Win32
		{3A214E06-B95E-4D61-A291-1F8DF2EC10FD}.Release_LuaJit_one|Win32.Build.0 = Release|Win32
		{3A214E06-B95E-4D61-A291-1F8DF2EC10FD}.Release_LuaJit_one|x64.ActiveCfg = Release|x64
		{3A214E06-B95E-4D61-A291-1F8DF2EC10FD}.Release_LuaJit_one|x64.Build.0 = Release|x64
		{3A214E06-B95E-4D61-A291-1F8DF2EC10FD}.Release|Any CPU.ActiveCfg = Release|Win32
		{3A214E06-B95E-4D61-A291-1F8DF2EC10FD}.Release|Win32.ActiveCfg = Release|Win32
		{3A214E06-B95E-4D61-A291-1F8DF2EC10FD}.Release|Win32.Build.0 = Release|Win32
		{3A214E06-B95E-4D61-A291-1F8DF2EC10FD}.Release|x64.ActiveCfg = Release|x64
		{3A214E06-B95E-4D61-A291-1F8DF2EC10FD}.Release|x64.Build.0 = Release|x64
		{CEBDE98B-A6AA-46E6-BC79-FAAF823DB9EC}.Debug_Dedicated|Any CPU.ActiveCfg = Debug|Win32
		{CEBDE98B-A6AA-46E6-BC79-FAAF823DB9EC}.Debug_Dedicated|Win32.ActiveCfg = Debug|Win32
		{CEBDE98B-A6AA-46E6-BC79-FAAF823DB9EC}.Debug_Dedicated|Win32.Build.0 = Debug|Win32
		{CEBDE98B-A6AA-46E6-BC79-FAAF823DB9EC}.Debug_Dedicated|x64.ActiveCfg = Debug|x64
		{CEBDE98B-A6AA-46E6-BC79-FAAF823DB9EC}.Debug_Dedicated|x64.Build.0 = Debug|x64
		{CEBDE98B-A6AA-46E6-BC79-FAAF823DB9EC}.Debug_NEW|Any CPU.ActiveCfg = Debug|Win32
		{CEBDE98B-A6AA-46E6-BC79-FAAF823DB9EC}.Debug_NEW|Win32.ActiveCfg = Debug|Win32
		{CEBDE98B-A6AA-46E6-BC79-FAAF823DB9EC}.Debug_NEW|Win32.Build.0 = Debug|Win32
		{CEBDE98B-A6AA-46E6-BC79-FAAF823DB9EC}.Debug_NEW|x64.ActiveCfg = Debug|x64
		{CEBDE98B-A6AA-46E6-BC79-FAAF823DB9EC}.Debug_NEW|x64.Build.0 = Debug|x64
		{CEBDE98B-A6AA-46E6-BC79-FAAF823DB9EC}.Debug|Any CPU.ActiveCfg = Debug|Win32
		{CEBDE98B-A6AA-46E6-BC79-FAAF823DB9EC}.Debug|Win32.ActiveCfg = Debug|Win32
		{CEBDE98B-A6AA-46E6-BC79-FAAF823DB9EC}.Debug|Win32.Build.0 = Debug|Win32
		{CEBDE98B-A6AA-46E6-BC79-FAAF823DB9EC}.Debug|x64.ActiveCfg = Debug|x64
		{CEBDE98B-A6AA-46E6-BC79-FAAF823DB9EC}.Debug|x64.Build.0 = Debug|x64
		{CEBDE98B-A6AA-46E6-BC79-FAAF823DB9EC}.Mixed_Dedicated|Any CPU.ActiveCfg = Release|Win32
		{CEBDE98B-A6AA-46E6-BC79-FAAF823DB9EC}.Mixed_Dedicated|Win32.ActiveCfg = Release|Win32
		{CEBDE98B-A6AA-46E6-BC79-FAAF823DB9EC}.Mixed_Dedicated|Win32.Build.0 = Release|Win32
		{CEBDE98B-A6AA-46E6-BC79-FAAF823DB9EC}.Mixed_Dedicated|x64.ActiveCfg = Release|x64
		{CEBDE98B-A6AA-46E6-BC79-FAAF823DB9EC}.Mixed_Dedicated|x64.Build.0 = Release|x64
		{CEBDE98B-A6AA-46E6-BC79-FAAF823DB9EC}.Mixed|Any CPU.ActiveCfg = Release|Win32
		{CEBDE98B-A6AA-46E6-BC79-FAAF823DB9EC}.Mixed|Win32.ActiveCfg = Release|Win32
		{CEBDE98B-A6AA-46E6-BC79-FAAF823DB9EC}.Mixed|Win32.Build.0 = Release|Win32
		{CEBDE98B-A6AA-46E6-BC79-FAAF823DB9EC}.Mixed|x64.ActiveCfg = Release|x64
		{CEBDE98B-A6AA-46E6-BC79-FAAF823DB9EC}.Mixed|x64.Build.0 = Release|x64
		{CEBDE98B-A6AA-46E6-BC79-FAAF823DB9EC}.Release_Dedicated|Any CPU.ActiveCfg = Release|Win32
		{CEBDE98B-A6AA-46E6-BC79-FAAF823DB9EC}.Release_Dedicated|Win32.ActiveCfg = Release|Win32
		{CEBDE98B-A6AA-46E6-BC79-FAAF823DB9EC}.Release_Dedicated|Win32.Build.0 = Release|Win32
		{CEBDE98B-A6AA-46E6-BC79-FAAF823DB9EC}.Release_Dedicated|x64.ActiveCfg = Release|x64
		{CEBDE98B-A6AA-46E6-BC79-FAAF823DB9EC}.Release_Dedicated|x64.Build.0 = Release|x64
		{CEBDE98B-A6AA-46E6-BC79-FAAF823DB9EC}.Release_LuaJit_one|Any CPU.ActiveCfg = Release|Win32
		{CEBDE98B-A6AA-46E6-BC79-FAAF823DB9EC}.Release_LuaJit_one|Win32.ActiveCfg = Release|Win32
		{CEBDE98B-A6AA-46E6-BC79-FAAF823DB9EC}.Release_LuaJit_one|Win32.Build.0 = Release|Win32
		{CEBDE98B-A6AA-46E6-BC79-FAAF823DB9EC}.Release_LuaJit_one|x64.ActiveCfg = Release|x64
		{CEBDE98B-A6AA-46E6-BC79-FAAF823DB9EC}.Release_LuaJit_one|x64.Build.0 = Release|x64
		{CEBDE98B-A6AA-46E6-BC79-FAAF823DB9EC}.Release|Any CPU.ActiveCfg = Release|Win32
		{CEBDE98B-A6AA-46E6-BC79-FAAF823DB9EC}.Release|Win32.ActiveCfg = Release|Win32
		{CEBDE98B-A6AA-46E6-BC79-FAAF823DB9EC}.Release|Win32.Build.0 = Release|Win32
		{CEBDE98B-A6AA-46E6-BC79-FAAF823DB9EC}.Release|x64.ActiveCfg = Release|x64
		{CEBDE98B-A6AA-46E6-BC79-FAAF823DB9EC}.Release|x64.Build.0 = Release|x64
		{893887A1-3ABF-40A0-B931-CD0867010785}.Debug_NEW|Any CPU.ActiveCfg = Debug|Win32
		{893887A1-3ABF-40A0-B931-CD0867010785}.Debug_NEW|Win32.ActiveCfg = Debug|Win32
		{893887A1-3ABF-40A0-B931-CD0867010785}.Debug_NEW|Win32.Build.0 = Debug|Win32
		{893887A1-3ABF-40A0-B931-CD0867010785}.Debug_NEW|x64.ActiveCfg = Debug|x64
		{893887A1-3ABF-40A0-B931-CD0867010785}.Debug_NEW|x64.Build.0 = Debug|x64
		{893887A1-3ABF-40A0-B931-CD0867010785}.Debug|Any CPU.ActiveCfg = Debug|Win32
		{893887A1-3ABF-40A0-B931-CD0867010785}.Debug|Win32.ActiveCfg = Debug|Win32
		{893887A1-3ABF-40A0-B931-CD0867010785}.Debug|Win32.Build.0 = Debug|Win32
		{893887A1-3ABF-40A0-B931-CD0867010785}.Debug|x64.ActiveCfg = Debug|x64
		{893887A1-3ABF-40A0-B931-CD0867010785}.Debug|x64.Build.0 = Debug|x64
		{893887A1-3ABF-40A0-B931-CD0867010785}.Mixed_Dedicated|Any CPU.ActiveCfg = Release|Win32
		{893887A1-3ABF-40A0-B931-CD0867010785}.Mixed_Dedicated|Win32.ActiveCfg = Release|Win32
		{893887A1-3ABF-40A0-B931-CD0867010785}.Mixed_Dedicated|Win32.Build.0 = Release|Win32
		{893887A1-3ABF-40A0-B931-CD0867010785}.Mixed_Dedicated|x64.ActiveCfg = Release|x64
		{893887A1-3ABF-40A0-B931-CD0867010785}.Mixed_Dedicated|x64.Build.0 = Release|x64
		{893887A1-3ABF-40A0-B931-CD0867010785}.Mixed|Any CPU.ActiveCfg = Release|Win32
		{893887A1-3ABF-40A0-B931-CD0867010785}.Mixed|Win32.ActiveCfg = Release|Win32
		{893887A1-3ABF-40A0-B931-CD0867010785}.Mixed|Win32.Build.0 = Release|Win32
		{893887A1-3ABF-40A0-B931-CD0867010785}.Mixed|x64.ActiveCfg = Release|x64
		{893887A1-3ABF-40A0-B931-CD0867010785}.Mixed|x64.Build.0 = Release|x64
		{893887A1-3ABF-40A0-B931-CD0867010785}.Release_Dedicated|Any CPU.ActiveCfg = Release|Win32
		{893887A1-3ABF-40A0-B931-CD0867010785}.Release_Dedicated|Win32.ActiveCfg = Release|Win32
		{893887A1-3ABF-40A0-B931-CD0867010785}.Release_Dedicated|Win32.Build.0 = Release|Win32
		{893887A1-3ABF-40A0-B931-CD0867010785}.Release_Dedicated|x64.ActiveCfg = Release|x64
		{893887A1-3ABF-40A0-B931-CD0867010785}.Release_Dedicated|x64.Build.0 = Release|x64
		{893887A1-3ABF-40A0-B931-CD0867010785}.Release_LuaJit_one|Any CPU.ActiveCfg = Release|Win32
		{893887A1-3ABF-40A0-B931-CD0867010785}.Release_LuaJit_one|Win32.ActiveCfg = Release|Win32
		{893887A1-3ABF-40A0-B931-CD0867010785}.Release_LuaJit_one|Win32.Build.0 = Release|Win32
		{893887A1-3ABF-40A0-B931-CD0867010785}.Release_LuaJit_one|x64.ActiveCfg = Release|x64
		{893887A1-3ABF-40A0-B931-CD0867010785}.Release_LuaJit_one|x64.Build.0 = Release|x64
		{893887A1-3ABF-40A0-B931-CD0867010785}.Release|Any CPU.ActiveCfg = Release|Win32
		{893887A1-3ABF-40A0-B931-CD0867010785}.Release|Win32.ActiveCfg = Release|Win32
		{893887A1-3ABF-40A0-B931-CD0867010785}.Release|Win32.Build.0 = Release|Win32
		{893887A1-3ABF-40A0-B931-CD0867010785}.Release|x64.ActiveCfg = Release|x64
		{893887A1-3ABF-40A0-B931-CD0867010785}.Release|x64.Build.0 = Release|x64
		{0BDF3377-F84E-4B42-A605-B45AAA244CB6}.Debug_Dedicated|Any CPU.ActiveCfg = Debug|Win32
		{0BDF3377-F84E-4B42-A605-B45AAA244CB6}.Debug_Dedicated|Win32.ActiveCfg = Debug|Win32
		{0BDF3377-F84E-4B42-A605-B45AAA244CB6}.Debug_Dedicated|Win32.Build.0 = Debug|Win32
		{0BDF3377-F84E-4B42-A605-B45AAA244CB6}.Debug_Dedicated|x64.ActiveCfg = Debug|x64
		{0BDF3377-F84E-4B42-A605-B45AAA244CB6}.Debug_Dedicated|x64.Build.0 = Debug|x64
		{0BDF3377-F84E-4B42-A605-B45AAA244CB6}.Debug_NEW|Any CPU.ActiveCfg = Debug|Win32
		{0BDF3377-F84E-4B42-A605-B45AAA244CB6}.Debug_NEW|Win32.ActiveCfg = Debug|Win32
		{0BDF3377-F84E-4B42-A605-B45AAA244CB6}.Debug_NEW|Win32.Build.0 = Debug|Win32
		{0BDF3377-F84E-4B42-A605-B45AAA244CB6}.Debug_NEW|x64.ActiveCfg = Debug|x64
		{0BDF3377-F84E-4B42-A605-B45AAA244CB6}.Debug_NEW|x64.Build.0 = Debug|x64
		{0BDF3377-F84E-4B42-A605-B45AAA244CB6}.Debug|Any CPU.ActiveCfg = Debug|Win32
		{0BDF3377-F84E-4B42-A605-B45AAA244CB6}.Debug|Win32.ActiveCfg = Debug|Win32
		{0BDF3377-F84E-4B42-A605-B45AAA244CB6}.Debug|Win32.Build.0 = Debug|Win32
		{0BDF3377-F84E-4B42-A605-B45AAA244CB6}.Debug|x64.ActiveCfg = Debug|x64
		{0BDF3377-F84E-4B42-A605-B45AAA244CB6}.Debug|x64.Build.0 = Debug|x64
		{0BDF3377-F84E-4B42-A605-B45AAA244CB6}.Mixed_Dedicated|Any CPU.ActiveCfg = Release|Win32
		{0BDF3377-F84E-4B42-A605-B45AAA244CB6}.Mixed_Dedicated|Win32.ActiveCfg = Release|Win32
		{0BDF3377-F84E-4B42-A605-B45AAA244CB6}.Mixed_Dedicated|Win32.Build.0 = Release|Win32
		{0BDF3377-F84E-4B42-A605-B45AAA244CB6}.Mixed_Dedicated|x64.ActiveCfg = Release|x64
		{0BDF3377-F84E-4B42-A605-B45AAA244CB6}.Mixed_Dedicated|x64.Build.0 = Release|x64
		{0BDF3377-F84E-4B42-A605-B45AAA244CB6}.Mixed|Any CPU.ActiveCfg = Release|Win32
		{0BDF3377-F84E-4B42-A605-B45AAA244CB6}.Mixed|Win32.ActiveCfg = Release|Win32
		{0BDF3377-F84E-4B42-A605-B45AAA244CB6}.Mixed|Win32.Build.0 = Release|Win32
		{0BDF3377-F84E-4B42-A605-B45AAA244CB6}.Mixed|x64.ActiveCfg = Release|x64
		{0BDF3377-F84E-4B42-A605-B45AAA244CB6}.Mixed|x64.Build.0 = Release|x64
		{0BDF3377-F84E-4B42-A605-B45AAA244CB6}.Release_Dedicated|Any CPU.ActiveCfg = Release|Win32
		{0BDF3377-F84E-4B42-A605-B45AAA244CB6}.Release_Dedicated|Win32.ActiveCfg = Release|Win32
		{0BDF3377-F84E-4B42-A605-B45AAA244CB6}.Release_Dedicated|Win32.Build.0 = Release|Win32
		{0BDF3377-F84E-4B42-A605-B45AAA244CB6}.Release_Dedicated|x64.ActiveCfg = Release|x64
		{0BDF3377-F84E-4B42-A605-B45AAA244CB6}.Release_Dedicated|x64.Build.0 = Release|x64
		{0BDF3377-F84E-4B42-A605-B45AAA244CB6}.Release_LuaJit_one|Any CPU.ActiveCfg = Release|Win32
		{0BDF3377-F84E-4B42-A605-B45AAA244CB6}.Release_LuaJit_one|Win32.ActiveCfg = Release|Win32
		{0BDF3377-F84E-4B42-A605-B45AAA244CB6}.Release_LuaJit_one|Win32.Build.0 = Release|Win32
		{0BDF3377-F84E-4B42-A605-B45AAA244CB6}.Release_LuaJit_one|x64.ActiveCfg = Release|x64
		{0BDF3377-F84E-4B42-A605-B45AAA244CB6}.Release_LuaJit_one|x64.Build.0 = Release|x64
		{0BDF3377-F84E-4B42-A605-B45AAA244CB6}.Release|Any CPU.ActiveCfg = Release|Win32
		{0BDF3377-F84E-4B42-A605-B45AAA244CB6}.Release|Win32.ActiveCfg = Release|Win32
		{0BDF3377-F84E-4B42-A605-B45AAA244CB6}.Release|Win32.Build.0 = Release|Win32
		{0BDF3377-F84E-4B42-A605-B45AAA244CB6}.Release|x64.ActiveCfg = Release|x64
		{0BDF3377-F84E-4B42-A605-B45AAA244CB6}.Release|x64.Build.0 = Release|x64
		{61D4856F-FA82-4F02-BB88-909DDFB1FE74}.Debug_Dedicated|Any CPU.ActiveCfg = Debug Multithreaded|Win32
		{61D4856F-FA82-4F02-BB88-909DDFB1FE74}.Debug_Dedicated|Win32.ActiveCfg = Debug Multithreaded|Win32
		{61D4856F-FA82-4F02-BB88-909DDFB1FE74}.Debug_Dedicated|Win32.Build.0 = Debug Multithreaded|Win32
		{61D4856F-FA82-4F02-BB88-909DDFB1FE74}.Debug_Dedicated|x64.ActiveCfg = Debug Multithreaded|x64
		{61D4856F-FA82-4F02-BB88-909DDFB1FE74}.Debug_Dedicated|x64.Build.0 = Debug Multithreaded|x64
		{61D4856F-FA82-4F02-BB88-909DDFB1FE74}.Debug_NEW|Any CPU.ActiveCfg = Debug Multithreaded|Win32
		{61D4856F-FA82-4F02-BB88-909DDFB1FE74}.Debug_NEW|Win32.ActiveCfg = Debug Multithreaded|Win32
		{61D4856F-FA82-4F02-BB88-909DDFB1FE74}.Debug_NEW|Win32.Build.0 = Debug Multithreaded|Win32
		{61D4856F-FA82-4F02-BB88-909DDFB1FE74}.Debug_NEW|x64.ActiveCfg = Debug Multithreaded|x64
		{61D4856F-FA82-4F02-BB88-909DDFB1FE74}.Debug_NEW|x64.Build.0 = Debug Multithreaded|x64
		{61D4856F-FA82-4F02-BB88-909DDFB1FE74}.Debug|Any CPU.ActiveCfg = Debug|Win32
		{61D4856F-FA82-4F02-BB88-909DDFB1FE74}.Debug|Win32.ActiveCfg = Debug|Win32
		{61D4856F-FA82-4F02-BB88-909DDFB1FE74}.Debug|Win32.Build.0 = Debug|Win32
		{61D4856F-FA82-4F02-BB88-909DDFB1FE74}.Debug|x64.ActiveCfg = Debug|x64
		{61D4856F-FA82-4F02-BB88-909DDFB1FE74}.Debug|x64.Build.0 = Debug|x64
		{61D4856F-FA82-4F02-BB88-909DDFB1FE74}.Mixed_Dedicated|Any CPU.ActiveCfg = Debug Multithreaded|Win32
		{61D4856F-FA82-4F02-BB88-909DDFB1FE74}.Mixed_Dedicated|Win32.ActiveCfg = Debug Multithreaded|Win32
		{61D4856F-FA82-4F02-BB88-909DDFB1FE74}.Mixed_Dedicated|Win32.Build.0 = Debug Multithreaded|Win32
		{61D4856F-FA82-4F02-BB88-909DDFB1FE74}.Mixed_Dedicated|x64.ActiveCfg = Debug Multithreaded|x64
		{61D4856F-FA82-4F02-BB88-909DDFB1FE74}.Mixed_Dedicated|x64.Build.0 = Debug Multithreaded|x64
		{61D4856F-FA82-4F02-BB88-909DDFB1FE74}.Mixed|Any CPU.ActiveCfg = Debug Multithreaded|Win32
		{61D4856F-FA82-4F02-BB88-909DDFB1FE74}.Mixed|Win32.ActiveCfg = Debug Multithreaded|Win32
		{61D4856F-FA82-4F02-BB88-909DDFB1FE74}.Mixed|Win32.Build.0 = Debug Multithreaded|Win32
		{61D4856F-FA82-4F02-BB88-909DDFB1FE74}.Mixed|x64.ActiveCfg = Debug Multithreaded|x64
		{61D4856F-FA82-4F02-BB88-909DDFB1FE74}.Mixed|x64.Build.0 = Debug Multithreaded|x64
		{61D4856F-FA82-4F02-BB88-909DDFB1FE74}.Release_Dedicated|Any CPU.ActiveCfg = ReleaseMT_oaMan|Win32
		{61D4856F-FA82-4F02-BB88-909DDFB1FE74}.Release_Dedicated|Win32.ActiveCfg = ReleaseMT_oaMan|Win32
		{61D4856F-FA82-4F02-BB88-909DDFB1FE74}.Release_Dedicated|Win32.Build.0 = ReleaseMT_oaMan|Win32
		{61D4856F-FA82-4F02-BB88-909DDFB1FE74}.Release_Dedicated|x64.ActiveCfg = ReleaseMT_oaMan|x64
		{61D4856F-FA82-4F02-BB88-909DDFB1FE74}.Release_Dedicated|x64.Build.0 = ReleaseMT_oaMan|x64
		{61D4856F-FA82-4F02-BB88-909DDFB1FE74}.Release_LuaJit_one|Any CPU.ActiveCfg = ReleaseMT_oaMan|Win32
		{61D4856F-FA82-4F02-BB88-909DDFB1FE74}.Release_LuaJit_one|Win32.ActiveCfg = ReleaseMT_oaMan|Win32
		{61D4856F-FA82-4F02-BB88-909DDFB1FE74}.Release_LuaJit_one|Win32.Build.0 = ReleaseMT_oaMan|Win32
		{61D4856F-FA82-4F02-BB88-909DDFB1FE74}.Release_LuaJit_one|x64.ActiveCfg = ReleaseMT_oaMan|x64
		{61D4856F-FA82-4F02-BB88-909DDFB1FE74}.Release_LuaJit_one|x64.Build.0 = ReleaseMT_oaMan|x64
		{61D4856F-FA82-4F02-BB88-909DDFB1FE74}.Release|Any CPU.ActiveCfg = Release|Win32
		{61D4856F-FA82-4F02-BB88-909DDFB1FE74}.Release|Win32.ActiveCfg = Release|Win32
		{61D4856F-FA82-4F02-BB88-909DDFB1FE74}.Release|Win32.Build.0 = Release|Win32
		{61D4856F-FA82-4F02-BB88-909DDFB1FE74}.Release|x64.ActiveCfg = Release|x64
		{61D4856F-FA82-4F02-BB88-909DDFB1FE74}.Release|x64.Build.0 = Release|x64
		{938C5808-85A1-4B5A-8CB4-D2D9D7851CB8}.Debug_Dedicated|Any CPU.ActiveCfg = Debug|Win32
		{938C5808-85A1-4B5A-8CB4-D2D9D7851CB8}.Debug_Dedicated|Win32.ActiveCfg = Debug|Win32
		{938C5808-85A1-4B5A-8CB4-D2D9D7851CB8}.Debug_Dedicated|Win32.Build.0 = Debug|Win32
		{938C5808-85A1-4B5A-8CB4-D2D9D7851CB8}.Debug_Dedicated|x64.ActiveCfg = Debug|Win32
		{938C5808-85A1-4B5A-8CB4-D2D9D7851CB8}.Debug_NEW|Any CPU.ActiveCfg = Debug|Win32
		{938C5808-85A1-4B5A-8CB4-D2D9D7851CB8}.Debug_NEW|Win32.ActiveCfg = Debug|Win32
		{938C5808-85A1-4B5A-8CB4-D2D9D7851CB8}.Debug_NEW|Win32.Build.0 = Debug|Win32
		{938C5808-85A1-4B5A-8CB4-D2D9D7851CB8}.Debug_NEW|x64.ActiveCfg = Debug|Win32
		{938C5808-85A1-4B5A-8CB4-D2D9D7851CB8}.Debug|Any CPU.ActiveCfg = Debug|Win32
		{938C5808-85A1-4B5A-8CB4-D2D9D7851CB8}.Debug|Win32.ActiveCfg = Debug|Win32
		{938C5808-85A1-4B5A-8CB4-D2D9D7851CB8}.Debug|Win32.Build.0 = Debug|Win32
		{938C5808-85A1-4B5A-8CB4-D2D9D7851CB8}.Debug|x64.ActiveCfg = Debug|Win32
		{938C5808-85A1-4B5A-8CB4-D2D9D7851CB8}.Mixed_Dedicated|Any CPU.ActiveCfg = Release|Win32
		{938C5808-85A1-4B5A-8CB4-D2D9D7851CB8}.Mixed_Dedicated|Win32.ActiveCfg = Release|Win32
		{938C5808-85A1-4B5A-8CB4-D2D9D7851CB8}.Mixed_Dedicated|Win32.Build.0 = Release|Win32
		{938C5808-85A1-4B5A-8CB4-D2D9D7851CB8}.Mixed_Dedicated|x64.ActiveCfg = Release|Win32
		{938C5808-85A1-4B5A-8CB4-D2D9D7851CB8}.Mixed|Any CPU.ActiveCfg = Release|Win32
		{938C5808-85A1-4B5A-8CB4-D2D9D7851CB8}.Mixed|Win32.ActiveCfg = Release|Win32
		{938C5808-85A1-4B5A-8CB4-D2D9D7851CB8}.Mixed|Win32.Build.0 = Release|Win32
		{938C5808-85A1-4B5A-8CB4-D2D9D7851CB8}.Mixed|x64.ActiveCfg = Release|Win32
		{938C5808-85A1-4B5A-8CB4-D2D9D7851CB8}.Release_Dedicated|Any CPU.ActiveCfg = Release|Win32
		{938C5808-85A1-4B5A-8CB4-D2D9D7851CB8}.Release_Dedicated|Win32.ActiveCfg = Release|Win32
		{938C5808-85A1-4B5A-8CB4-D2D9D7851CB8}.Release_Dedicated|Win32.Build.0 = Release|Win32
		{938C5808-85A1-4B5A-8CB4-D2D9D7851CB8}.Release_Dedicated|x64.ActiveCfg = Release|Win32
		{938C5808-85A1-4B5A-8CB4-D2D9D7851CB8}.Release_LuaJit_one|Any CPU.ActiveCfg = Release|Win32
		{938C5808-85A1-4B5A-8CB4-D2D9D7851CB8}.Release_LuaJit_one|Win32.ActiveCfg = Release|Win32
		{938C5808-85A1-4B5A-8CB4-D2D9D7851CB8}.Release_LuaJit_one|Win32.Build.0 = Release|Win32
		{938C5808-85A1-4B5A-8CB4-D2D9D7851CB8}.Release_LuaJit_one|x64.ActiveCfg = Release|Win32
		{938C5808-85A1-4B5A-8CB4-D2D9D7851CB8}.Release|Any CPU.ActiveCfg = Release|Win32
		{938C5808-85A1-4B5A-8CB4-D2D9D7851CB8}.Release|Win32.ActiveCfg = Release|Win32
		{938C5808-85A1-4B5A-8CB4-D2D9D7851CB8}.Release|Win32.Build.0 = Release|Win32
		{938C5808-85A1-4B5A-8CB4-D2D9D7851CB8}.Release|x64.ActiveCfg = Release|x64
		{938C5808-85A1-4B5A-8CB4-D2D9D7851CB8}.Release|x64.Build.0 = Release|x64
		{772FE450-F4F3-4687-A2A7-5624825089D7}.Debug_NEW|Any CPU.ActiveCfg = Debug|Win32
		{772FE450-F4F3-4687-A2A7-5624825089D7}.Debug_NEW|Win32.ActiveCfg = Debug|Win32
		{772FE450-F4F3-4687-A2A7-5624825089D7}.Debug_NEW|Win32.Build.0 = Debug|Win32
		{772FE450-F4F3-4687-A2A7-5624825089D7}.Debug_NEW|x64.ActiveCfg = Debug|Win32
		{772FE450-F4F3-4687-A2A7-5624825089D7}.Debug|Any CPU.ActiveCfg = Debug|Win32
		{772FE450-F4F3-4687-A2A7-5624825089D7}.Debug|Win32.ActiveCfg = Debug|Win32
		{772FE450-F4F3-4687-A2A7-5624825089D7}.Debug|Win32.Build.0 = Debug|Win32
		{772FE450-F4F3-4687-A2A7-5624825089D7}.Debug|x64.ActiveCfg = Debug|Win32
		{772FE450-F4F3-4687-A2A7-5624825089D7}.Mixed_Dedicated|Any CPU.ActiveCfg = Release|Win32
		{772FE450-F4F3-4687-A2A7-5624825089D7}.Mixed_Dedicated|Win32.ActiveCfg = Release|Win32
		{772FE450-F4F3-4687-A2A7-5624825089D7}.Mixed_Dedicated|Win32.Build.0 = Release|Win32
		{772FE450-F4F3-4687-A2A7-5624825089D7}.Mixed_Dedicated|x64.ActiveCfg = Release|Win32
		{772FE450-F4F3-4687-A2A7-5624825089D7}.Mixed|Any CPU.ActiveCfg = Release|Win32
		{772FE450-F4F3-4687-A2A7-5624825089D7}.Mixed|Win32.ActiveCfg = Release|Win32
		{772FE450-F4F3-4687-A2A7-5624825089D7}.Mixed|Win32.Build.0 = Release|Win32
		{772FE450-F4F3-4687-A2A7-5624825089D7}.Mixed|x64.ActiveCfg = Release|Win32
		{772FE450-F4F3-4687-A2A7-5624825089D7}.Release_Dedicated|Any CPU.ActiveCfg = Release|Win32
		{772FE450-F4F3-4687-A2A7-5624825089D7}.Release_Dedicated|Win32.ActiveCfg = Release|Win32
		{772FE450-F4F3-4687-A2A7-5624825089D7}.Release_Dedicated|Win32.Build.0 = Release|Win32
		{772FE450-F4F3-4687-A2A7-5624825089D7}.Release_Dedicated|x64.ActiveCfg = Release|Win32
		{772FE450-F4F3-4687-A2A7-5624825089D7}.Release_LuaJit_one|Any CPU.ActiveCfg = Release|Win32
		{772FE450-F4F3-4687-A2A7-5624825089D7}.Release_LuaJit_one|Win32.ActiveCfg = Release|Win32
		{772FE450-F4F3-4687-A2A7-5624825089D7}.Release_LuaJit_one|Win32.Build.0 = Release|Win32
		{772FE450-F4F3-4687-A2A7-5624825089D7}.Release_LuaJit_one|x64.ActiveCfg = Release|Win32
		{772FE450-F4F3-4687-A2A7-5624825089D7}.Release|Any CPU.ActiveCfg = Release|Win32
		{772FE450-F4F3-4687-A2A7-5624825089D7}.Release|Win32.ActiveCfg = Release|Win32
		{772FE450-F4F3-4687-A2A7-5624825089D7}.Release|Win32.Build.0 = Release|Win32
		{772FE450-F4F3-4687-A2A7-5624825089D7}.Release|x64.ActiveCfg = Release|x64
		{772FE450-F4F3-4687-A2A7-5624825089D7}.Release|x64.Build.0 = Release|x64
	EndGlobalSection
	GlobalSection(SolutionProperties) = preSolution
		HideSolutionNode = FALSE
	EndGlobalSection
	GlobalSection(NestedProjects) = preSolution
		{1BF75FEB-87DD-486C-880B-227987D191C2} = {2BFC806B-CE92-4EA4-8FE8-5F2EA54BA348}
		{566551F4-4EF1-4CB4-A131-F982E7606907} = {2BFC806B-CE92-4EA4-8FE8-5F2EA54BA348}
		{492D3DFE-9068-4E7E-A008-7C2420A651C0} = {2DDE8FE4-6490-4AC5-B020-7E6A203F6318}
		{B45374AA-C7ED-42CF-BBD3-DEAA2B7ACB48} = {2DDE8FE4-6490-4AC5-B020-7E6A203F6318}
		{CC52E0B3-CC35-4934-9302-035B748F3F2C} = {2BFC806B-CE92-4EA4-8FE8-5F2EA54BA348}
		{FA169092-EA3E-40C1-8E5A-A2B575700FE8} = {2BFC806B-CE92-4EA4-8FE8-5F2EA54BA348}
		{880CD250-BA77-4DAF-A8D4-552F12DD3AE4} = {2BFC806B-CE92-4EA4-8FE8-5F2EA54BA348}
		{44F716E7-05BD-4390-AB02-5F7DAF7FEFDE} = {2BFC806B-CE92-4EA4-8FE8-5F2EA54BA348}
		{632AEEB6-DC06-4E15-9551-B2B09A4B73C5} = {2BFC806B-CE92-4EA4-8FE8-5F2EA54BA348}
		{3A214E06-B95E-4D61-A291-1F8DF2EC10FD} = {2BFC806B-CE92-4EA4-8FE8-5F2EA54BA348}
		{CEBDE98B-A6AA-46E6-BC79-FAAF823DB9EC} = {2BFC806B-CE92-4EA4-8FE8-5F2EA54BA348}
		{893887A1-3ABF-40A0-B931-CD0867010785} = {2BFC806B-CE92-4EA4-8FE8-5F2EA54BA348}
		{0BDF3377-F84E-4B42-A605-B45AAA244CB6} = {2BFC806B-CE92-4EA4-8FE8-5F2EA54BA348}
		{61D4856F-FA82-4F02-BB88-909DDFB1FE74} = {2BFC806B-CE92-4EA4-8FE8-5F2EA54BA348}
		{938C5808-85A1-4B5A-8CB4-D2D9D7851CB8} = {2BFC806B-CE92-4EA4-8FE8-5F2EA54BA348}
		{772FE450-F4F3-4687-A2A7-5624825089D7} = {2BFC806B-CE92-4EA4-8FE8-5F2EA54BA348}
	EndGlobalSection
	GlobalSection(DPCodeReviewSolutionGUID) = preSolution
		DPCodeReviewSolutionGUID = {00000000-0000-0000-0000-000000000000}
	EndGlobalSection
EndGlobal
